
Microsoft Visual Studio Solution File, Format Version 11.00
# Visual Studio 2010
Project("{8BC9CEB8-8B4A-11D0-8D11-00A0C91BC942}") = "App_HelloWorld", "App_HelloWorld.vcxproj", "{54CEEFBA-8C4F-764B-A82C-C442960E7B51}"
	ProjectSection(ProjectDependencies) = postProject
		{86EEA550-7AA0-2348-A72A-F0F8B78BB26F} = {86EEA550-7AA0-2348-A72A-F0F8B78BB26F}
		{4BB394BB-DAB7-6A4C-B82C-A4914AC607F8} = {4BB394BB-DAB7-6A4C-B82C-A4914AC607F8}
		{A8EA08D2-D1E6-994B-B3EA-B3318EE93334} = {A8EA08D2-D1E6-994B-B3EA-B3318EE93334}
	EndProjectSection
EndProject
Project("{8BC9CEB8-8B4A-11D0-8D11-00A0C91BC942}") = "App_BasicDemo", "App_BasicDemo.vcxproj", "{AA48879B-7512-9045-9F50-05AA9FDB0CA0}"
	ProjectSection(ProjectDependencies) = postProject
		{292605B5-EF95-DD46-A2E3-4162EDAD991C} = {292605B5-EF95-DD46-A2E3-4162EDAD991C}
		{86EEA550-7AA0-2348-A72A-F0F8B78BB26F} = {86EEA550-7AA0-2348-A72A-F0F8B78BB26F}
		{4BB394BB-DAB7-6A4C-B82C-A4914AC607F8} = {4BB394BB-DAB7-6A4C-B82C-A4914AC607F8}
		{A8EA08D2-D1E6-994B-B3EA-B3318EE93334} = {A8EA08D2-D1E6-994B-B3EA-B3318EE93334}
	EndProjectSection
EndProject
Project("{8BC9CEB8-8B4A-11D0-8D11-00A0C91BC942}") = "App_Box2dDemo", "App_Box2dDemo.vcxproj", "{49FE0B81-37A7-9342-B7BC-501423575A6A}"
	ProjectSection(ProjectDependencies) = postProject
		{292605B5-EF95-DD46-A2E3-4162EDAD991C} = {292605B5-EF95-DD46-A2E3-4162EDAD991C}
		{86EEA550-7AA0-2348-A72A-F0F8B78BB26F} = {86EEA550-7AA0-2348-A72A-F0F8B78BB26F}
		{4BB394BB-DAB7-6A4C-B82C-A4914AC607F8} = {4BB394BB-DAB7-6A4C-B82C-A4914AC607F8}
		{A8EA08D2-D1E6-994B-B3EA-B3318EE93334} = {A8EA08D2-D1E6-994B-B3EA-B3318EE93334}
	EndProjectSection
EndProject
Project("{8BC9CEB8-8B4A-11D0-8D11-00A0C91BC942}") = "App_BspDemo", "App_BspDemo.vcxproj", "{D11A4FB7-3CD9-644A-9C2F-B4C40C74CD84}"
	ProjectSection(ProjectDependencies) = postProject
		{292605B5-EF95-DD46-A2E3-4162EDAD991C} = {292605B5-EF95-DD46-A2E3-4162EDAD991C}
		{86EEA550-7AA0-2348-A72A-F0F8B78BB26F} = {86EEA550-7AA0-2348-A72A-F0F8B78BB26F}
		{4BB394BB-DAB7-6A4C-B82C-A4914AC607F8} = {4BB394BB-DAB7-6A4C-B82C-A4914AC607F8}
		{A8EA08D2-D1E6-994B-B3EA-B3318EE93334} = {A8EA08D2-D1E6-994B-B3EA-B3318EE93334}
	EndProjectSection
EndProject
Project("{8BC9CEB8-8B4A-11D0-8D11-00A0C91BC942}") = "App_CcdPhysicsDemo", "App_CcdPhysicsDemo.vcxproj", "{0DF0AC25-6BFB-3F4A-BCD4-297F33EDCB1D}"
	ProjectSection(ProjectDependencies) = postProject
		{292605B5-EF95-DD46-A2E3-4162EDAD991C} = {292605B5-EF95-DD46-A2E3-4162EDAD991C}
		{86EEA550-7AA0-2348-A72A-F0F8B78BB26F} = {86EEA550-7AA0-2348-A72A-F0F8B78BB26F}
		{4BB394BB-DAB7-6A4C-B82C-A4914AC607F8} = {4BB394BB-DAB7-6A4C-B82C-A4914AC607F8}
		{A8EA08D2-D1E6-994B-B3EA-B3318EE93334} = {A8EA08D2-D1E6-994B-B3EA-B3318EE93334}
	EndProjectSection
EndProject
Project("{8BC9CEB8-8B4A-11D0-8D11-00A0C91BC942}") = "App_CollisionDemo", "App_CollisionDemo.vcxproj", "{FB07F57E-BB12-4542-8D31-47BD7D316C02}"
	ProjectSection(ProjectDependencies) = postProject
		{292605B5-EF95-DD46-A2E3-4162EDAD991C} = {292605B5-EF95-DD46-A2E3-4162EDAD991C}
		{86EEA550-7AA0-2348-A72A-F0F8B78BB26F} = {86EEA550-7AA0-2348-A72A-F0F8B78BB26F}
		{4BB394BB-DAB7-6A4C-B82C-A4914AC607F8} = {4BB394BB-DAB7-6A4C-B82C-A4914AC607F8}
		{A8EA08D2-D1E6-994B-B3EA-B3318EE93334} = {A8EA08D2-D1E6-994B-B3EA-B3318EE93334}
	EndProjectSection
EndProject
Project("{8BC9CEB8-8B4A-11D0-8D11-00A0C91BC942}") = "App_CollisionInterfaceDemo", "App_CollisionInterfaceDemo.vcxproj", "{3555C2B3-FB47-C747-84A2-954FF9392A5A}"
	ProjectSection(ProjectDependencies) = postProject
		{292605B5-EF95-DD46-A2E3-4162EDAD991C} = {292605B5-EF95-DD46-A2E3-4162EDAD991C}
		{86EEA550-7AA0-2348-A72A-F0F8B78BB26F} = {86EEA550-7AA0-2348-A72A-F0F8B78BB26F}
		{4BB394BB-DAB7-6A4C-B82C-A4914AC607F8} = {4BB394BB-DAB7-6A4C-B82C-A4914AC607F8}
		{A8EA08D2-D1E6-994B-B3EA-B3318EE93334} = {A8EA08D2-D1E6-994B-B3EA-B3318EE93334}
	EndProjectSection
EndProject
Project("{8BC9CEB8-8B4A-11D0-8D11-00A0C91BC942}") = "App_ConcaveConvexcastDemo", "App_ConcaveConvexcastDemo.vcxproj", "{BA80A78E-B83A-3145-A4CA-3679D3A4A7D9}"
	ProjectSection(ProjectDependencies) = postProject
		{292605B5-EF95-DD46-A2E3-4162EDAD991C} = {292605B5-EF95-DD46-A2E3-4162EDAD991C}
		{86EEA550-7AA0-2348-A72A-F0F8B78BB26F} = {86EEA550-7AA0-2348-A72A-F0F8B78BB26F}
		{4BB394BB-DAB7-6A4C-B82C-A4914AC607F8} = {4BB394BB-DAB7-6A4C-B82C-A4914AC607F8}
		{A8EA08D2-D1E6-994B-B3EA-B3318EE93334} = {A8EA08D2-D1E6-994B-B3EA-B3318EE93334}
	EndProjectSection
EndProject
Project("{8BC9CEB8-8B4A-11D0-8D11-00A0C91BC942}") = "App_ConcaveDemo", "App_ConcaveDemo.vcxproj", "{59E69E4F-63CA-3C49-A453-0A4219356B7D}"
	ProjectSection(ProjectDependencies) = postProject
		{292605B5-EF95-DD46-A2E3-4162EDAD991C} = {292605B5-EF95-DD46-A2E3-4162EDAD991C}
		{86EEA550-7AA0-2348-A72A-F0F8B78BB26F} = {86EEA550-7AA0-2348-A72A-F0F8B78BB26F}
		{4BB394BB-DAB7-6A4C-B82C-A4914AC607F8} = {4BB394BB-DAB7-6A4C-B82C-A4914AC607F8}
		{A8EA08D2-D1E6-994B-B3EA-B3318EE93334} = {A8EA08D2-D1E6-994B-B3EA-B3318EE93334}
	EndProjectSection
EndProject
Project("{8BC9CEB8-8B4A-11D0-8D11-00A0C91BC942}") = "App_ConcaveRaycastDemo", "App_ConcaveRaycastDemo.vcxproj", "{4CE7DC58-4CD7-F840-9373-F14637646171}"
	ProjectSection(ProjectDependencies) = postProject
		{292605B5-EF95-DD46-A2E3-4162EDAD991C} = {292605B5-EF95-DD46-A2E3-4162EDAD991C}
		{86EEA550-7AA0-2348-A72A-F0F8B78BB26F} = {86EEA550-7AA0-2348-A72A-F0F8B78BB26F}
		{4BB394BB-DAB7-6A4C-B82C-A4914AC607F8} = {4BB394BB-DAB7-6A4C-B82C-A4914AC607F8}
		{A8EA08D2-D1E6-994B-B3EA-B3318EE93334} = {A8EA08D2-D1E6-994B-B3EA-B3318EE93334}
	EndProjectSection
EndProject
Project("{8BC9CEB8-8B4A-11D0-8D11-00A0C91BC942}") = "App_ConstraintDemo", "App_ConstraintDemo.vcxproj", "{6E83696F-B801-DA47-BA13-5B2801DE2D22}"
	ProjectSection(ProjectDependencies) = postProject
		{292605B5-EF95-DD46-A2E3-4162EDAD991C} = {292605B5-EF95-DD46-A2E3-4162EDAD991C}
		{86EEA550-7AA0-2348-A72A-F0F8B78BB26F} = {86EEA550-7AA0-2348-A72A-F0F8B78BB26F}
		{4BB394BB-DAB7-6A4C-B82C-A4914AC607F8} = {4BB394BB-DAB7-6A4C-B82C-A4914AC607F8}
		{A8EA08D2-D1E6-994B-B3EA-B3318EE93334} = {A8EA08D2-D1E6-994B-B3EA-B3318EE93334}
	EndProjectSection
EndProject
Project("{8BC9CEB8-8B4A-11D0-8D11-00A0C91BC942}") = "App_ContinuousConvexCollision", "App_ContinuousConvexCollision.vcxproj", "{6ADF51B3-9FF4-5145-A81F-BD6B37DA2172}"
	ProjectSection(ProjectDependencies) = postProject
		{292605B5-EF95-DD46-A2E3-4162EDAD991C} = {292605B5-EF95-DD46-A2E3-4162EDAD991C}
		{86EEA550-7AA0-2348-A72A-F0F8B78BB26F} = {86EEA550-7AA0-2348-A72A-F0F8B78BB26F}
		{4BB394BB-DAB7-6A4C-B82C-A4914AC607F8} = {4BB394BB-DAB7-6A4C-B82C-A4914AC607F8}
		{A8EA08D2-D1E6-994B-B3EA-B3318EE93334} = {A8EA08D2-D1E6-994B-B3EA-B3318EE93334}
	EndProjectSection
EndProject
Project("{8BC9CEB8-8B4A-11D0-8D11-00A0C91BC942}") = "App_ConvexHullDistance", "App_ConvexHullDistance.vcxproj", "{36052566-3053-4A4C-A07B-A5C34611DB43}"
	ProjectSection(ProjectDependencies) = postProject
		{292605B5-EF95-DD46-A2E3-4162EDAD991C} = {292605B5-EF95-DD46-A2E3-4162EDAD991C}
		{86EEA550-7AA0-2348-A72A-F0F8B78BB26F} = {86EEA550-7AA0-2348-A72A-F0F8B78BB26F}
		{4BB394BB-DAB7-6A4C-B82C-A4914AC607F8} = {4BB394BB-DAB7-6A4C-B82C-A4914AC607F8}
		{A8EA08D2-D1E6-994B-B3EA-B3318EE93334} = {A8EA08D2-D1E6-994B-B3EA-B3318EE93334}
	EndProjectSection
EndProject
Project("{8BC9CEB8-8B4A-11D0-8D11-00A0C91BC942}") = "App_DynamicControlDemo", "App_DynamicControlDemo.vcxproj", "{E5261D39-009A-334A-98EE-7E6CAFF6B3B6}"
	ProjectSection(ProjectDependencies) = postProject
		{292605B5-EF95-DD46-A2E3-4162EDAD991C} = {292605B5-EF95-DD46-A2E3-4162EDAD991C}
		{86EEA550-7AA0-2348-A72A-F0F8B78BB26F} = {86EEA550-7AA0-2348-A72A-F0F8B78BB26F}
		{4BB394BB-DAB7-6A4C-B82C-A4914AC607F8} = {4BB394BB-DAB7-6A4C-B82C-A4914AC607F8}
		{A8EA08D2-D1E6-994B-B3EA-B3318EE93334} = {A8EA08D2-D1E6-994B-B3EA-B3318EE93334}
	EndProjectSection
EndProject
Project("{8BC9CEB8-8B4A-11D0-8D11-00A0C91BC942}") = "App_EPAPenDepthDemo", "App_EPAPenDepthDemo.vcxproj", "{53CE0001-B9FF-BD4C-990B-23E3FFC50F9C}"
	ProjectSection(ProjectDependencies) = postProject
		{292605B5-EF95-DD46-A2E3-4162EDAD991C} = {292605B5-EF95-DD46-A2E3-4162EDAD991C}
		{86EEA550-7AA0-2348-A72A-F0F8B78BB26F} = {86EEA550-7AA0-2348-A72A-F0F8B78BB26F}
		{4BB394BB-DAB7-6A4C-B82C-A4914AC607F8} = {4BB394BB-DAB7-6A4C-B82C-A4914AC607F8}
		{A8EA08D2-D1E6-994B-B3EA-B3318EE93334} = {A8EA08D2-D1E6-994B-B3EA-B3318EE93334}
	EndProjectSection
EndProject
Project("{8BC9CEB8-8B4A-11D0-8D11-00A0C91BC942}") = "App_ForkLiftDemo", "App_ForkLiftDemo.vcxproj", "{032D7D03-2F36-9943-8A08-694AAB32CCD5}"
	ProjectSection(ProjectDependencies) = postProject
		{292605B5-EF95-DD46-A2E3-4162EDAD991C} = {292605B5-EF95-DD46-A2E3-4162EDAD991C}
		{86EEA550-7AA0-2348-A72A-F0F8B78BB26F} = {86EEA550-7AA0-2348-A72A-F0F8B78BB26F}
		{4BB394BB-DAB7-6A4C-B82C-A4914AC607F8} = {4BB394BB-DAB7-6A4C-B82C-A4914AC607F8}
		{A8EA08D2-D1E6-994B-B3EA-B3318EE93334} = {A8EA08D2-D1E6-994B-B3EA-B3318EE93334}
	EndProjectSection
EndProject
Project("{8BC9CEB8-8B4A-11D0-8D11-00A0C91BC942}") = "App_FeatherstoneMultiBodyDemo", "App_FeatherstoneMultiBodyDemo.vcxproj", "{883A8098-C2C1-9E4D-ADB2-3AFA937BEE7F}"
	ProjectSection(ProjectDependencies) = postProject
		{292605B5-EF95-DD46-A2E3-4162EDAD991C} = {292605B5-EF95-DD46-A2E3-4162EDAD991C}
		{86EEA550-7AA0-2348-A72A-F0F8B78BB26F} = {86EEA550-7AA0-2348-A72A-F0F8B78BB26F}
		{4BB394BB-DAB7-6A4C-B82C-A4914AC607F8} = {4BB394BB-DAB7-6A4C-B82C-A4914AC607F8}
		{A8EA08D2-D1E6-994B-B3EA-B3318EE93334} = {A8EA08D2-D1E6-994B-B3EA-B3318EE93334}
	EndProjectSection
EndProject
Project("{8BC9CEB8-8B4A-11D0-8D11-00A0C91BC942}") = "App_FractureDemo", "App_FractureDemo.vcxproj", "{1EC4CC51-AF41-F548-8307-1FF0AE7664F5}"
	ProjectSection(ProjectDependencies) = postProject
		{292605B5-EF95-DD46-A2E3-4162EDAD991C} = {292605B5-EF95-DD46-A2E3-4162EDAD991C}
		{86EEA550-7AA0-2348-A72A-F0F8B78BB26F} = {86EEA550-7AA0-2348-A72A-F0F8B78BB26F}
		{4BB394BB-DAB7-6A4C-B82C-A4914AC607F8} = {4BB394BB-DAB7-6A4C-B82C-A4914AC607F8}
		{A8EA08D2-D1E6-994B-B3EA-B3318EE93334} = {A8EA08D2-D1E6-994B-B3EA-B3318EE93334}
	EndProjectSection
EndProject
Project("{8BC9CEB8-8B4A-11D0-8D11-00A0C91BC942}") = "App_GenericJointDemo", "App_GenericJointDemo.vcxproj", "{00C20917-30B9-364B-9849-38087BF13CEE}"
	ProjectSection(ProjectDependencies) = postProject
		{292605B5-EF95-DD46-A2E3-4162EDAD991C} = {292605B5-EF95-DD46-A2E3-4162EDAD991C}
		{86EEA550-7AA0-2348-A72A-F0F8B78BB26F} = {86EEA550-7AA0-2348-A72A-F0F8B78BB26F}
		{4BB394BB-DAB7-6A4C-B82C-A4914AC607F8} = {4BB394BB-DAB7-6A4C-B82C-A4914AC607F8}
		{A8EA08D2-D1E6-994B-B3EA-B3318EE93334} = {A8EA08D2-D1E6-994B-B3EA-B3318EE93334}
	EndProjectSection
EndProject
Project("{8BC9CEB8-8B4A-11D0-8D11-00A0C91BC942}") = "App_GimpactTestDemo", "App_GimpactTestDemo.vcxproj", "{D682CC96-AF54-F743-A0A9-823B98B619A6}"
	ProjectSection(ProjectDependencies) = postProject
		{292605B5-EF95-DD46-A2E3-4162EDAD991C} = {292605B5-EF95-DD46-A2E3-4162EDAD991C}
		{86EEA550-7AA0-2348-A72A-F0F8B78BB26F} = {86EEA550-7AA0-2348-A72A-F0F8B78BB26F}
		{4BB394BB-DAB7-6A4C-B82C-A4914AC607F8} = {4BB394BB-DAB7-6A4C-B82C-A4914AC607F8}
		{A8EA08D2-D1E6-994B-B3EA-B3318EE93334} = {A8EA08D2-D1E6-994B-B3EA-B3318EE93334}
	EndProjectSection
EndProject
Project("{8BC9CEB8-8B4A-11D0-8D11-00A0C91BC942}") = "App_GjkConvexCastDemo", "App_GjkConvexCastDemo.vcxproj", "{179ADE9D-5D13-9944-80A9-9C832EA2F6FA}"
	ProjectSection(ProjectDependencies) = postProject
		{292605B5-EF95-DD46-A2E3-4162EDAD991C} = {292605B5-EF95-DD46-A2E3-4162EDAD991C}
		{86EEA550-7AA0-2348-A72A-F0F8B78BB26F} = {86EEA550-7AA0-2348-A72A-F0F8B78BB26F}
		{4BB394BB-DAB7-6A4C-B82C-A4914AC607F8} = {4BB394BB-DAB7-6A4C-B82C-A4914AC607F8}
		{A8EA08D2-D1E6-994B-B3EA-B3318EE93334} = {A8EA08D2-D1E6-994B-B3EA-B3318EE93334}
	EndProjectSection
EndProject
Project("{8BC9CEB8-8B4A-11D0-8D11-00A0C91BC942}") = "App_GyroscopicDemo", "App_GyroscopicDemo.vcxproj", "{D509D64E-A450-1B4D-B1CE-8DFFDCDFB13D}"
	ProjectSection(ProjectDependencies) = postProject
		{292605B5-EF95-DD46-A2E3-4162EDAD991C} = {292605B5-EF95-DD46-A2E3-4162EDAD991C}
		{86EEA550-7AA0-2348-A72A-F0F8B78BB26F} = {86EEA550-7AA0-2348-A72A-F0F8B78BB26F}
		{4BB394BB-DAB7-6A4C-B82C-A4914AC607F8} = {4BB394BB-DAB7-6A4C-B82C-A4914AC607F8}
		{A8EA08D2-D1E6-994B-B3EA-B3318EE93334} = {A8EA08D2-D1E6-994B-B3EA-B3318EE93334}
	EndProjectSection
EndProject
Project("{8BC9CEB8-8B4A-11D0-8D11-00A0C91BC942}") = "App_InternalEdgeDemo", "App_InternalEdgeDemo.vcxproj", "{DEAB9DD2-A378-1B40-A374-61E3B5542C09}"
	ProjectSection(ProjectDependencies) = postProject
		{292605B5-EF95-DD46-A2E3-4162EDAD991C} = {292605B5-EF95-DD46-A2E3-4162EDAD991C}
		{86EEA550-7AA0-2348-A72A-F0F8B78BB26F} = {86EEA550-7AA0-2348-A72A-F0F8B78BB26F}
		{4BB394BB-DAB7-6A4C-B82C-A4914AC607F8} = {4BB394BB-DAB7-6A4C-B82C-A4914AC607F8}
		{A8EA08D2-D1E6-994B-B3EA-B3318EE93334} = {A8EA08D2-D1E6-994B-B3EA-B3318EE93334}
	EndProjectSection
EndProject
Project("{8BC9CEB8-8B4A-11D0-8D11-00A0C91BC942}") = "App_MovingConcaveDemo", "App_MovingConcaveDemo.vcxproj", "{432296BC-F109-E34C-8522-4486C1DAB6D5}"
	ProjectSection(ProjectDependencies) = postProject
		{292605B5-EF95-DD46-A2E3-4162EDAD991C} = {292605B5-EF95-DD46-A2E3-4162EDAD991C}
		{86EEA550-7AA0-2348-A72A-F0F8B78BB26F} = {86EEA550-7AA0-2348-A72A-F0F8B78BB26F}
		{4BB394BB-DAB7-6A4C-B82C-A4914AC607F8} = {4BB394BB-DAB7-6A4C-B82C-A4914AC607F8}
		{A8EA08D2-D1E6-994B-B3EA-B3318EE93334} = {A8EA08D2-D1E6-994B-B3EA-B3318EE93334}
	EndProjectSection
EndProject
Project("{8BC9CEB8-8B4A-11D0-8D11-00A0C91BC942}") = "App_MultiMaterialDemo", "App_MultiMaterialDemo.vcxproj", "{20E31351-651E-2047-962B-5333DCAF4FFF}"
	ProjectSection(ProjectDependencies) = postProject
		{292605B5-EF95-DD46-A2E3-4162EDAD991C} = {292605B5-EF95-DD46-A2E3-4162EDAD991C}
		{86EEA550-7AA0-2348-A72A-F0F8B78BB26F} = {86EEA550-7AA0-2348-A72A-F0F8B78BB26F}
		{4BB394BB-DAB7-6A4C-B82C-A4914AC607F8} = {4BB394BB-DAB7-6A4C-B82C-A4914AC607F8}
		{A8EA08D2-D1E6-994B-B3EA-B3318EE93334} = {A8EA08D2-D1E6-994B-B3EA-B3318EE93334}
	EndProjectSection
EndProject
Project("{8BC9CEB8-8B4A-11D0-8D11-00A0C91BC942}") = "App_RagdollDemo", "App_RagdollDemo.vcxproj", "{D23F0B00-84ED-384A-9D27-F992FB26DF55}"
	ProjectSection(ProjectDependencies) = postProject
		{292605B5-EF95-DD46-A2E3-4162EDAD991C} = {292605B5-EF95-DD46-A2E3-4162EDAD991C}
		{86EEA550-7AA0-2348-A72A-F0F8B78BB26F} = {86EEA550-7AA0-2348-A72A-F0F8B78BB26F}
		{4BB394BB-DAB7-6A4C-B82C-A4914AC607F8} = {4BB394BB-DAB7-6A4C-B82C-A4914AC607F8}
		{A8EA08D2-D1E6-994B-B3EA-B3318EE93334} = {A8EA08D2-D1E6-994B-B3EA-B3318EE93334}
	EndProjectSection
EndProject
Project("{8BC9CEB8-8B4A-11D0-8D11-00A0C91BC942}") = "App_Raytracer", "App_Raytracer.vcxproj", "{91558565-B40D-2B43-906A-81175CC005D8}"
	ProjectSection(ProjectDependencies) = postProject
		{292605B5-EF95-DD46-A2E3-4162EDAD991C} = {292605B5-EF95-DD46-A2E3-4162EDAD991C}
		{86EEA550-7AA0-2348-A72A-F0F8B78BB26F} = {86EEA550-7AA0-2348-A72A-F0F8B78BB26F}
		{4BB394BB-DAB7-6A4C-B82C-A4914AC607F8} = {4BB394BB-DAB7-6A4C-B82C-A4914AC607F8}
		{A8EA08D2-D1E6-994B-B3EA-B3318EE93334} = {A8EA08D2-D1E6-994B-B3EA-B3318EE93334}
	EndProjectSection
EndProject
Project("{8BC9CEB8-8B4A-11D0-8D11-00A0C91BC942}") = "App_RaytestDemo", "App_RaytestDemo.vcxproj", "{8B816B7D-451D-4445-AF7D-7252A15B73D0}"
	ProjectSection(ProjectDependencies) = postProject
		{292605B5-EF95-DD46-A2E3-4162EDAD991C} = {292605B5-EF95-DD46-A2E3-4162EDAD991C}
		{86EEA550-7AA0-2348-A72A-F0F8B78BB26F} = {86EEA550-7AA0-2348-A72A-F0F8B78BB26F}
		{4BB394BB-DAB7-6A4C-B82C-A4914AC607F8} = {4BB394BB-DAB7-6A4C-B82C-A4914AC607F8}
		{A8EA08D2-D1E6-994B-B3EA-B3318EE93334} = {A8EA08D2-D1E6-994B-B3EA-B3318EE93334}
	EndProjectSection
EndProject
Project("{8BC9CEB8-8B4A-11D0-8D11-00A0C91BC942}") = "App_RollingFrictionDemo", "App_RollingFrictionDemo.vcxproj", "{960288C5-D6BA-5949-8B41-8F413A66C15C}"
	ProjectSection(ProjectDependencies) = postProject
		{292605B5-EF95-DD46-A2E3-4162EDAD991C} = {292605B5-EF95-DD46-A2E3-4162EDAD991C}
		{86EEA550-7AA0-2348-A72A-F0F8B78BB26F} = {86EEA550-7AA0-2348-A72A-F0F8B78BB26F}
		{4BB394BB-DAB7-6A4C-B82C-A4914AC607F8} = {4BB394BB-DAB7-6A4C-B82C-A4914AC607F8}
		{A8EA08D2-D1E6-994B-B3EA-B3318EE93334} = {A8EA08D2-D1E6-994B-B3EA-B3318EE93334}
	EndProjectSection
EndProject
Project("{8BC9CEB8-8B4A-11D0-8D11-00A0C91BC942}") = "App_SimplexDemo", "App_SimplexDemo.vcxproj", "{BC46568A-F743-594A-B5C3-701715C33FB4}"
	ProjectSection(ProjectDependencies) = postProject
		{292605B5-EF95-DD46-A2E3-4162EDAD991C} = {292605B5-EF95-DD46-A2E3-4162EDAD991C}
		{86EEA550-7AA0-2348-A72A-F0F8B78BB26F} = {86EEA550-7AA0-2348-A72A-F0F8B78BB26F}
		{4BB394BB-DAB7-6A4C-B82C-A4914AC607F8} = {4BB394BB-DAB7-6A4C-B82C-A4914AC607F8}
		{A8EA08D2-D1E6-994B-B3EA-B3318EE93334} = {A8EA08D2-D1E6-994B-B3EA-B3318EE93334}
	EndProjectSection
EndProject
Project("{8BC9CEB8-8B4A-11D0-8D11-00A0C91BC942}") = "App_SliderConstraintDemo", "App_SliderConstraintDemo.vcxproj", "{F26AC003-0D36-224A-8BB7-7D5A91E569E4}"
	ProjectSection(ProjectDependencies) = postProject
		{292605B5-EF95-DD46-A2E3-4162EDAD991C} = {292605B5-EF95-DD46-A2E3-4162EDAD991C}
		{86EEA550-7AA0-2348-A72A-F0F8B78BB26F} = {86EEA550-7AA0-2348-A72A-F0F8B78BB26F}
		{4BB394BB-DAB7-6A4C-B82C-A4914AC607F8} = {4BB394BB-DAB7-6A4C-B82C-A4914AC607F8}
		{A8EA08D2-D1E6-994B-B3EA-B3318EE93334} = {A8EA08D2-D1E6-994B-B3EA-B3318EE93334}
	EndProjectSection
EndProject
Project("{8BC9CEB8-8B4A-11D0-8D11-00A0C91BC942}") = "App_TerrainDemo", "App_TerrainDemo.vcxproj", "{160B583E-179C-0545-B5A1-E94EB8399DE5}"
	ProjectSection(ProjectDependencies) = postProject
		{292605B5-EF95-DD46-A2E3-4162EDAD991C} = {292605B5-EF95-DD46-A2E3-4162EDAD991C}
		{86EEA550-7AA0-2348-A72A-F0F8B78BB26F} = {86EEA550-7AA0-2348-A72A-F0F8B78BB26F}
		{4BB394BB-DAB7-6A4C-B82C-A4914AC607F8} = {4BB394BB-DAB7-6A4C-B82C-A4914AC607F8}
		{A8EA08D2-D1E6-994B-B3EA-B3318EE93334} = {A8EA08D2-D1E6-994B-B3EA-B3318EE93334}
	EndProjectSection
EndProject
Project("{8BC9CEB8-8B4A-11D0-8D11-00A0C91BC942}") = "App_UserCollisionAlgorithm", "App_UserCollisionAlgorithm.vcxproj", "{8F8AAB29-3B33-E442-A110-0A35B94B5051}"
	ProjectSection(ProjectDependencies) = postProject
		{292605B5-EF95-DD46-A2E3-4162EDAD991C} = {292605B5-EF95-DD46-A2E3-4162EDAD991C}
		{86EEA550-7AA0-2348-A72A-F0F8B78BB26F} = {86EEA550-7AA0-2348-A72A-F0F8B78BB26F}
		{4BB394BB-DAB7-6A4C-B82C-A4914AC607F8} = {4BB394BB-DAB7-6A4C-B82C-A4914AC607F8}
		{A8EA08D2-D1E6-994B-B3EA-B3318EE93334} = {A8EA08D2-D1E6-994B-B3EA-B3318EE93334}
	EndProjectSection
EndProject
Project("{8BC9CEB8-8B4A-11D0-8D11-00A0C91BC942}") = "App_VehicleDemo", "App_VehicleDemo.vcxproj", "{11050D37-D16A-2F42-8EEF-FD6C947865C7}"
	ProjectSection(ProjectDependencies) = postProject
		{292605B5-EF95-DD46-A2E3-4162EDAD991C} = {292605B5-EF95-DD46-A2E3-4162EDAD991C}
		{86EEA550-7AA0-2348-A72A-F0F8B78BB26F} = {86EEA550-7AA0-2348-A72A-F0F8B78BB26F}
		{4BB394BB-DAB7-6A4C-B82C-A4914AC607F8} = {4BB394BB-DAB7-6A4C-B82C-A4914AC607F8}
		{A8EA08D2-D1E6-994B-B3EA-B3318EE93334} = {A8EA08D2-D1E6-994B-B3EA-B3318EE93334}
	EndProjectSection
EndProject
Project("{8BC9CEB8-8B4A-11D0-8D11-00A0C91BC942}") = "App_VoronoiFractureDemo", "App_VoronoiFractureDemo.vcxproj", "{7F02939A-77B9-C945-A051-0FCA7EA85742}"
	ProjectSection(ProjectDependencies) = postProject
		{292605B5-EF95-DD46-A2E3-4162EDAD991C} = {292605B5-EF95-DD46-A2E3-4162EDAD991C}
		{86EEA550-7AA0-2348-A72A-F0F8B78BB26F} = {86EEA550-7AA0-2348-A72A-F0F8B78BB26F}
		{4BB394BB-DAB7-6A4C-B82C-A4914AC607F8} = {4BB394BB-DAB7-6A4C-B82C-A4914AC607F8}
		{A8EA08D2-D1E6-994B-B3EA-B3318EE93334} = {A8EA08D2-D1E6-994B-B3EA-B3318EE93334}
	EndProjectSection
EndProject
Project("{8BC9CEB8-8B4A-11D0-8D11-00A0C91BC942}") = "App_ConvexDecompositionDemo", "App_ConvexDecompositionDemo.vcxproj", "{243B7625-30C2-0B4E-A9BE-4721A675F2D8}"
	ProjectSection(ProjectDependencies) = postProject
		{292605B5-EF95-DD46-A2E3-4162EDAD991C} = {292605B5-EF95-DD46-A2E3-4162EDAD991C}
		{86EEA550-7AA0-2348-A72A-F0F8B78BB26F} = {86EEA550-7AA0-2348-A72A-F0F8B78BB26F}
		{4BB394BB-DAB7-6A4C-B82C-A4914AC607F8} = {4BB394BB-DAB7-6A4C-B82C-A4914AC607F8}
		{A8EA08D2-D1E6-994B-B3EA-B3318EE93334} = {A8EA08D2-D1E6-994B-B3EA-B3318EE93334}
		{44D59597-25D5-864A-B5D3-43AF233CA35F} = {44D59597-25D5-864A-B5D3-43AF233CA35F}
		{ADA5D885-66CF-E747-96D0-F9E5DA05B11B} = {ADA5D885-66CF-E747-96D0-F9E5DA05B11B}
	EndProjectSection
EndProject
Project("{8BC9CEB8-8B4A-11D0-8D11-00A0C91BC942}") = "App_SoftDemo", "App_SoftDemo.vcxproj", "{01F03357-24E3-BF4C-B27F-89302A7CA272}"
	ProjectSection(ProjectDependencies) = postProject
		{292605B5-EF95-DD46-A2E3-4162EDAD991C} = {292605B5-EF95-DD46-A2E3-4162EDAD991C}
		{1D5E13B6-0F29-6E40-A858-7DB54F64796F} = {1D5E13B6-0F29-6E40-A858-7DB54F64796F}
		{86EEA550-7AA0-2348-A72A-F0F8B78BB26F} = {86EEA550-7AA0-2348-A72A-F0F8B78BB26F}
		{4BB394BB-DAB7-6A4C-B82C-A4914AC607F8} = {4BB394BB-DAB7-6A4C-B82C-A4914AC607F8}
		{A8EA08D2-D1E6-994B-B3EA-B3318EE93334} = {A8EA08D2-D1E6-994B-B3EA-B3318EE93334}
	EndProjectSection
EndProject
Project("{8BC9CEB8-8B4A-11D0-8D11-00A0C91BC942}") = "App_SerializeDemo", "App_SerializeDemo.vcxproj", "{49446A29-39B2-B344-AB86-5F280F5BB2C3}"
	ProjectSection(ProjectDependencies) = postProject
		{292605B5-EF95-DD46-A2E3-4162EDAD991C} = {292605B5-EF95-DD46-A2E3-4162EDAD991C}
		{BC24C53B-D1AB-4740-8295-423BBB8EC3E3} = {BC24C53B-D1AB-4740-8295-423BBB8EC3E3}
		{501ABF51-5AAC-014D-9161-58B544C4DC87} = {501ABF51-5AAC-014D-9161-58B544C4DC87}
		{1D5E13B6-0F29-6E40-A858-7DB54F64796F} = {1D5E13B6-0F29-6E40-A858-7DB54F64796F}
		{86EEA550-7AA0-2348-A72A-F0F8B78BB26F} = {86EEA550-7AA0-2348-A72A-F0F8B78BB26F}
		{4BB394BB-DAB7-6A4C-B82C-A4914AC607F8} = {4BB394BB-DAB7-6A4C-B82C-A4914AC607F8}
		{A8EA08D2-D1E6-994B-B3EA-B3318EE93334} = {A8EA08D2-D1E6-994B-B3EA-B3318EE93334}
	EndProjectSection
EndProject
Project("{8BC9CEB8-8B4A-11D0-8D11-00A0C91BC942}") = "App_BulletXmlImportDemo", "App_BulletXmlImportDemo.vcxproj", "{2CDA27FC-32D1-FC4D-BBA0-4D8319B0902F}"
	ProjectSection(ProjectDependencies) = postProject
		{292605B5-EF95-DD46-A2E3-4162EDAD991C} = {292605B5-EF95-DD46-A2E3-4162EDAD991C}
		{F9A815C3-5498-9E46-A17D-D5D2C57AA5AD} = {F9A815C3-5498-9E46-A17D-D5D2C57AA5AD}
		{BC24C53B-D1AB-4740-8295-423BBB8EC3E3} = {BC24C53B-D1AB-4740-8295-423BBB8EC3E3}
		{501ABF51-5AAC-014D-9161-58B544C4DC87} = {501ABF51-5AAC-014D-9161-58B544C4DC87}
		{1D5E13B6-0F29-6E40-A858-7DB54F64796F} = {1D5E13B6-0F29-6E40-A858-7DB54F64796F}
		{86EEA550-7AA0-2348-A72A-F0F8B78BB26F} = {86EEA550-7AA0-2348-A72A-F0F8B78BB26F}
		{4BB394BB-DAB7-6A4C-B82C-A4914AC607F8} = {4BB394BB-DAB7-6A4C-B82C-A4914AC607F8}
		{A8EA08D2-D1E6-994B-B3EA-B3318EE93334} = {A8EA08D2-D1E6-994B-B3EA-B3318EE93334}
	EndProjectSection
EndProject
Project("{8BC9CEB8-8B4A-11D0-8D11-00A0C91BC942}") = "OpenGLSupport", "OpenGLSupport.vcxproj", "{292605B5-EF95-DD46-A2E3-4162EDAD991C}"
EndProject
Project("{8BC9CEB8-8B4A-11D0-8D11-00A0C91BC942}") = "HACD", "HACD.vcxproj", "{44D59597-25D5-864A-B5D3-43AF233CA35F}"
EndProject
Project("{8BC9CEB8-8B4A-11D0-8D11-00A0C91BC942}") = "ConvexDecomposition", "ConvexDecomposition.vcxproj", "{ADA5D885-66CF-E747-96D0-F9E5DA05B11B}"
EndProject
Project("{8BC9CEB8-8B4A-11D0-8D11-00A0C91BC942}") = "BulletFileLoader", "BulletFileLoader.vcxproj", "{501ABF51-5AAC-014D-9161-58B544C4DC87}"
EndProject
Project("{8BC9CEB8-8B4A-11D0-8D11-00A0C91BC942}") = "BulletWorldImporter", "BulletWorldImporter.vcxproj", "{BC24C53B-D1AB-4740-8295-423BBB8EC3E3}"
EndProject
Project("{8BC9CEB8-8B4A-11D0-8D11-00A0C91BC942}") = "BulletXmlWorldImporter", "BulletXmlWorldImporter.vcxproj", "{F9A815C3-5498-9E46-A17D-D5D2C57AA5AD}"
EndProject
Project("{8BC9CEB8-8B4A-11D0-8D11-00A0C91BC942}") = "LinearMath", "LinearMath.vcxproj", "{A8EA08D2-D1E6-994B-B3EA-B3318EE93334}"
EndProject
Project("{8BC9CEB8-8B4A-11D0-8D11-00A0C91BC942}") = "BulletCollision", "BulletCollision.vcxproj", "{4BB394BB-DAB7-6A4C-B82C-A4914AC607F8}"
EndProject
Project("{8BC9CEB8-8B4A-11D0-8D11-00A0C91BC942}") = "BulletDynamics", "BulletDynamics.vcxproj", "{86EEA550-7AA0-2348-A72A-F0F8B78BB26F}"
EndProject
Project("{8BC9CEB8-8B4A-11D0-8D11-00A0C91BC942}") = "BulletSoftBody", "BulletSoftBody.vcxproj", "{1D5E13B6-0F29-6E40-A858-7DB54F64796F}"
EndProject
Project("{8BC9CEB8-8B4A-11D0-8D11-00A0C91BC942}") = "AppUnitTest", "AppUnitTest.vcxproj", "{A57D9EB6-07F7-2541-BF6E-F32AB35C27E4}"
	ProjectSection(ProjectDependencies) = postProject
		{86EEA550-7AA0-2348-A72A-F0F8B78BB26F} = {86EEA550-7AA0-2348-A72A-F0F8B78BB26F}
		{4BB394BB-DAB7-6A4C-B82C-A4914AC607F8} = {4BB394BB-DAB7-6A4C-B82C-A4914AC607F8}
		{A8EA08D2-D1E6-994B-B3EA-B3318EE93334} = {A8EA08D2-D1E6-994B-B3EA-B3318EE93334}
	EndProjectSection
EndProject
Project("{8BC9CEB8-8B4A-11D0-8D11-00A0C91BC942}") = "AppHelloWorld", "AppHelloWorld.vcxproj", "{56350263-FA52-B14A-8DCC-945D79F113BA}"
	ProjectSection(ProjectDependencies) = postProject
		{86EEA550-7AA0-2348-A72A-F0F8B78BB26F} = {86EEA550-7AA0-2348-A72A-F0F8B78BB26F}
		{4BB394BB-DAB7-6A4C-B82C-A4914AC607F8} = {4BB394BB-DAB7-6A4C-B82C-A4914AC607F8}
		{A8EA08D2-D1E6-994B-B3EA-B3318EE93334} = {A8EA08D2-D1E6-994B-B3EA-B3318EE93334}
	EndProjectSection
EndProject
Project("{8BC9CEB8-8B4A-11D0-8D11-00A0C91BC942}") = "AppBenchmarks", "AppBenchmarks.vcxproj", "{AA6DD64B-2C21-2349-8C47-B4C595CBFDB5}"
	ProjectSection(ProjectDependencies) = postProject
		{86EEA550-7AA0-2348-A72A-F0F8B78BB26F} = {86EEA550-7AA0-2348-A72A-F0F8B78BB26F}
		{4BB394BB-DAB7-6A4C-B82C-A4914AC607F8} = {4BB394BB-DAB7-6A4C-B82C-A4914AC607F8}
		{A8EA08D2-D1E6-994B-B3EA-B3318EE93334} = {A8EA08D2-D1E6-994B-B3EA-B3318EE93334}
	EndProjectSection
EndProject
Global
	GlobalSection(SolutionConfigurationPlatforms) = preSolution
		Release|Win32 = Release|Win32
		Release|x64 = Release|x64
		Debug|Win32 = Debug|Win32
		Debug|x64 = Debug|x64
	EndGlobalSection
	GlobalSection(ProjectConfigurationPlatforms) = postSolution
		{54CEEFBA-8C4F-764B-A82C-C442960E7B51}.Release|Win32.ActiveCfg = Release|Win32
		{54CEEFBA-8C4F-764B-A82C-C442960E7B51}.Release|Win32.Build.0 = Release|Win32
		{54CEEFBA-8C4F-764B-A82C-C442960E7B51}.Release|x64.ActiveCfg = Release|x64
		{54CEEFBA-8C4F-764B-A82C-C442960E7B51}.Release|x64.Build.0 = Release|x64
		{54CEEFBA-8C4F-764B-A82C-C442960E7B51}.Debug|Win32.ActiveCfg = Debug|Win32
		{54CEEFBA-8C4F-764B-A82C-C442960E7B51}.Debug|Win32.Build.0 = Debug|Win32
		{54CEEFBA-8C4F-764B-A82C-C442960E7B51}.Debug|x64.ActiveCfg = Debug|x64
		{54CEEFBA-8C4F-764B-A82C-C442960E7B51}.Debug|x64.Build.0 = Debug|x64
		{AA48879B-7512-9045-9F50-05AA9FDB0CA0}.Release|Win32.ActiveCfg = Release|Win32
		{AA48879B-7512-9045-9F50-05AA9FDB0CA0}.Release|Win32.Build.0 = Release|Win32
		{AA48879B-7512-9045-9F50-05AA9FDB0CA0}.Release|x64.ActiveCfg = Release|x64
		{AA48879B-7512-9045-9F50-05AA9FDB0CA0}.Release|x64.Build.0 = Release|x64
		{AA48879B-7512-9045-9F50-05AA9FDB0CA0}.Debug|Win32.ActiveCfg = Debug|Win32
		{AA48879B-7512-9045-9F50-05AA9FDB0CA0}.Debug|Win32.Build.0 = Debug|Win32
		{AA48879B-7512-9045-9F50-05AA9FDB0CA0}.Debug|x64.ActiveCfg = Debug|x64
		{AA48879B-7512-9045-9F50-05AA9FDB0CA0}.Debug|x64.Build.0 = Debug|x64
		{49FE0B81-37A7-9342-B7BC-501423575A6A}.Release|Win32.ActiveCfg = Release|Win32
		{49FE0B81-37A7-9342-B7BC-501423575A6A}.Release|Win32.Build.0 = Release|Win32
		{49FE0B81-37A7-9342-B7BC-501423575A6A}.Release|x64.ActiveCfg = Release|x64
		{49FE0B81-37A7-9342-B7BC-501423575A6A}.Release|x64.Build.0 = Release|x64
		{49FE0B81-37A7-9342-B7BC-501423575A6A}.Debug|Win32.ActiveCfg = Debug|Win32
		{49FE0B81-37A7-9342-B7BC-501423575A6A}.Debug|Win32.Build.0 = Debug|Win32
		{49FE0B81-37A7-9342-B7BC-501423575A6A}.Debug|x64.ActiveCfg = Debug|x64
		{49FE0B81-37A7-9342-B7BC-501423575A6A}.Debug|x64.Build.0 = Debug|x64
		{D11A4FB7-3CD9-644A-9C2F-B4C40C74CD84}.Release|Win32.ActiveCfg = Release|Win32
		{D11A4FB7-3CD9-644A-9C2F-B4C40C74CD84}.Release|Win32.Build.0 = Release|Win32
		{D11A4FB7-3CD9-644A-9C2F-B4C40C74CD84}.Release|x64.ActiveCfg = Release|x64
		{D11A4FB7-3CD9-644A-9C2F-B4C40C74CD84}.Release|x64.Build.0 = Release|x64
		{D11A4FB7-3CD9-644A-9C2F-B4C40C74CD84}.Debug|Win32.ActiveCfg = Debug|Win32
		{D11A4FB7-3CD9-644A-9C2F-B4C40C74CD84}.Debug|Win32.Build.0 = Debug|Win32
		{D11A4FB7-3CD9-644A-9C2F-B4C40C74CD84}.Debug|x64.ActiveCfg = Debug|x64
		{D11A4FB7-3CD9-644A-9C2F-B4C40C74CD84}.Debug|x64.Build.0 = Debug|x64
		{0DF0AC25-6BFB-3F4A-BCD4-297F33EDCB1D}.Release|Win32.ActiveCfg = Release|Win32
		{0DF0AC25-6BFB-3F4A-BCD4-297F33EDCB1D}.Release|Win32.Build.0 = Release|Win32
		{0DF0AC25-6BFB-3F4A-BCD4-297F33EDCB1D}.Release|x64.ActiveCfg = Release|x64
		{0DF0AC25-6BFB-3F4A-BCD4-297F33EDCB1D}.Release|x64.Build.0 = Release|x64
		{0DF0AC25-6BFB-3F4A-BCD4-297F33EDCB1D}.Debug|Win32.ActiveCfg = Debug|Win32
		{0DF0AC25-6BFB-3F4A-BCD4-297F33EDCB1D}.Debug|Win32.Build.0 = Debug|Win32
		{0DF0AC25-6BFB-3F4A-BCD4-297F33EDCB1D}.Debug|x64.ActiveCfg = Debug|x64
		{0DF0AC25-6BFB-3F4A-BCD4-297F33EDCB1D}.Debug|x64.Build.0 = Debug|x64
		{FB07F57E-BB12-4542-8D31-47BD7D316C02}.Release|Win32.ActiveCfg = Release|Win32
		{FB07F57E-BB12-4542-8D31-47BD7D316C02}.Release|Win32.Build.0 = Release|Win32
		{FB07F57E-BB12-4542-8D31-47BD7D316C02}.Release|x64.ActiveCfg = Release|x64
		{FB07F57E-BB12-4542-8D31-47BD7D316C02}.Release|x64.Build.0 = Release|x64
		{FB07F57E-BB12-4542-8D31-47BD7D316C02}.Debug|Win32.ActiveCfg = Debug|Win32
		{FB07F57E-BB12-4542-8D31-47BD7D316C02}.Debug|Win32.Build.0 = Debug|Win32
		{FB07F57E-BB12-4542-8D31-47BD7D316C02}.Debug|x64.ActiveCfg = Debug|x64
		{FB07F57E-BB12-4542-8D31-47BD7D316C02}.Debug|x64.Build.0 = Debug|x64
		{3555C2B3-FB47-C747-84A2-954FF9392A5A}.Release|Win32.ActiveCfg = Release|Win32
		{3555C2B3-FB47-C747-84A2-954FF9392A5A}.Release|Win32.Build.0 = Release|Win32
		{3555C2B3-FB47-C747-84A2-954FF9392A5A}.Release|x64.ActiveCfg = Release|x64
		{3555C2B3-FB47-C747-84A2-954FF9392A5A}.Release|x64.Build.0 = Release|x64
		{3555C2B3-FB47-C747-84A2-954FF9392A5A}.Debug|Win32.ActiveCfg = Debug|Win32
		{3555C2B3-FB47-C747-84A2-954FF9392A5A}.Debug|Win32.Build.0 = Debug|Win32
		{3555C2B3-FB47-C747-84A2-954FF9392A5A}.Debug|x64.ActiveCfg = Debug|x64
		{3555C2B3-FB47-C747-84A2-954FF9392A5A}.Debug|x64.Build.0 = Debug|x64
		{BA80A78E-B83A-3145-A4CA-3679D3A4A7D9}.Release|Win32.ActiveCfg = Release|Win32
		{BA80A78E-B83A-3145-A4CA-3679D3A4A7D9}.Release|Win32.Build.0 = Release|Win32
		{BA80A78E-B83A-3145-A4CA-3679D3A4A7D9}.Release|x64.ActiveCfg = Release|x64
		{BA80A78E-B83A-3145-A4CA-3679D3A4A7D9}.Release|x64.Build.0 = Release|x64
		{BA80A78E-B83A-3145-A4CA-3679D3A4A7D9}.Debug|Win32.ActiveCfg = Debug|Win32
		{BA80A78E-B83A-3145-A4CA-3679D3A4A7D9}.Debug|Win32.Build.0 = Debug|Win32
		{BA80A78E-B83A-3145-A4CA-3679D3A4A7D9}.Debug|x64.ActiveCfg = Debug|x64
		{BA80A78E-B83A-3145-A4CA-3679D3A4A7D9}.Debug|x64.Build.0 = Debug|x64
		{59E69E4F-63CA-3C49-A453-0A4219356B7D}.Release|Win32.ActiveCfg = Release|Win32
		{59E69E4F-63CA-3C49-A453-0A4219356B7D}.Release|Win32.Build.0 = Release|Win32
		{59E69E4F-63CA-3C49-A453-0A4219356B7D}.Release|x64.ActiveCfg = Release|x64
		{59E69E4F-63CA-3C49-A453-0A4219356B7D}.Release|x64.Build.0 = Release|x64
		{59E69E4F-63CA-3C49-A453-0A4219356B7D}.Debug|Win32.ActiveCfg = Debug|Win32
		{59E69E4F-63CA-3C49-A453-0A4219356B7D}.Debug|Win32.Build.0 = Debug|Win32
		{59E69E4F-63CA-3C49-A453-0A4219356B7D}.Debug|x64.ActiveCfg = Debug|x64
		{59E69E4F-63CA-3C49-A453-0A4219356B7D}.Debug|x64.Build.0 = Debug|x64
		{4CE7DC58-4CD7-F840-9373-F14637646171}.Release|Win32.ActiveCfg = Release|Win32
		{4CE7DC58-4CD7-F840-9373-F14637646171}.Release|Win32.Build.0 = Release|Win32
		{4CE7DC58-4CD7-F840-9373-F14637646171}.Release|x64.ActiveCfg = Release|x64
		{4CE7DC58-4CD7-F840-9373-F14637646171}.Release|x64.Build.0 = Release|x64
		{4CE7DC58-4CD7-F840-9373-F14637646171}.Debug|Win32.ActiveCfg = Debug|Win32
		{4CE7DC58-4CD7-F840-9373-F14637646171}.Debug|Win32.Build.0 = Debug|Win32
		{4CE7DC58-4CD7-F840-9373-F14637646171}.Debug|x64.ActiveCfg = Debug|x64
		{4CE7DC58-4CD7-F840-9373-F14637646171}.Debug|x64.Build.0 = Debug|x64
		{6E83696F-B801-DA47-BA13-5B2801DE2D22}.Release|Win32.ActiveCfg = Release|Win32
		{6E83696F-B801-DA47-BA13-5B2801DE2D22}.Release|Win32.Build.0 = Release|Win32
		{6E83696F-B801-DA47-BA13-5B2801DE2D22}.Release|x64.ActiveCfg = Release|x64
		{6E83696F-B801-DA47-BA13-5B2801DE2D22}.Release|x64.Build.0 = Release|x64
		{6E83696F-B801-DA47-BA13-5B2801DE2D22}.Debug|Win32.ActiveCfg = Debug|Win32
		{6E83696F-B801-DA47-BA13-5B2801DE2D22}.Debug|Win32.Build.0 = Debug|Win32
		{6E83696F-B801-DA47-BA13-5B2801DE2D22}.Debug|x64.ActiveCfg = Debug|x64
		{6E83696F-B801-DA47-BA13-5B2801DE2D22}.Debug|x64.Build.0 = Debug|x64
		{6ADF51B3-9FF4-5145-A81F-BD6B37DA2172}.Release|Win32.ActiveCfg = Release|Win32
		{6ADF51B3-9FF4-5145-A81F-BD6B37DA2172}.Release|Win32.Build.0 = Release|Win32
		{6ADF51B3-9FF4-5145-A81F-BD6B37DA2172}.Release|x64.ActiveCfg = Release|x64
		{6ADF51B3-9FF4-5145-A81F-BD6B37DA2172}.Release|x64.Build.0 = Release|x64
		{6ADF51B3-9FF4-5145-A81F-BD6B37DA2172}.Debug|Win32.ActiveCfg = Debug|Win32
		{6ADF51B3-9FF4-5145-A81F-BD6B37DA2172}.Debug|Win32.Build.0 = Debug|Win32
		{6ADF51B3-9FF4-5145-A81F-BD6B37DA2172}.Debug|x64.ActiveCfg = Debug|x64
		{6ADF51B3-9FF4-5145-A81F-BD6B37DA2172}.Debug|x64.Build.0 = Debug|x64
		{36052566-3053-4A4C-A07B-A5C34611DB43}.Release|Win32.ActiveCfg = Release|Win32
		{36052566-3053-4A4C-A07B-A5C34611DB43}.Release|Win32.Build.0 = Release|Win32
		{36052566-3053-4A4C-A07B-A5C34611DB43}.Release|x64.ActiveCfg = Release|x64
		{36052566-3053-4A4C-A07B-A5C34611DB43}.Release|x64.Build.0 = Release|x64
		{36052566-3053-4A4C-A07B-A5C34611DB43}.Debug|Win32.ActiveCfg = Debug|Win32
		{36052566-3053-4A4C-A07B-A5C34611DB43}.Debug|Win32.Build.0 = Debug|Win32
		{36052566-3053-4A4C-A07B-A5C34611DB43}.Debug|x64.ActiveCfg = Debug|x64
		{36052566-3053-4A4C-A07B-A5C34611DB43}.Debug|x64.Build.0 = Debug|x64
		{E5261D39-009A-334A-98EE-7E6CAFF6B3B6}.Release|Win32.ActiveCfg = Release|Win32
		{E5261D39-009A-334A-98EE-7E6CAFF6B3B6}.Release|Win32.Build.0 = Release|Win32
		{E5261D39-009A-334A-98EE-7E6CAFF6B3B6}.Release|x64.ActiveCfg = Release|x64
		{E5261D39-009A-334A-98EE-7E6CAFF6B3B6}.Release|x64.Build.0 = Release|x64
		{E5261D39-009A-334A-98EE-7E6CAFF6B3B6}.Debug|Win32.ActiveCfg = Debug|Win32
		{E5261D39-009A-334A-98EE-7E6CAFF6B3B6}.Debug|Win32.Build.0 = Debug|Win32
		{E5261D39-009A-334A-98EE-7E6CAFF6B3B6}.Debug|x64.ActiveCfg = Debug|x64
		{E5261D39-009A-334A-98EE-7E6CAFF6B3B6}.Debug|x64.Build.0 = Debug|x64
		{53CE0001-B9FF-BD4C-990B-23E3FFC50F9C}.Release|Win32.ActiveCfg = Release|Win32
		{53CE0001-B9FF-BD4C-990B-23E3FFC50F9C}.Release|Win32.Build.0 = Release|Win32
		{53CE0001-B9FF-BD4C-990B-23E3FFC50F9C}.Release|x64.ActiveCfg = Release|x64
		{53CE0001-B9FF-BD4C-990B-23E3FFC50F9C}.Release|x64.Build.0 = Release|x64
		{53CE0001-B9FF-BD4C-990B-23E3FFC50F9C}.Debug|Win32.ActiveCfg = Debug|Win32
		{53CE0001-B9FF-BD4C-990B-23E3FFC50F9C}.Debug|Win32.Build.0 = Debug|Win32
		{53CE0001-B9FF-BD4C-990B-23E3FFC50F9C}.Debug|x64.ActiveCfg = Debug|x64
		{53CE0001-B9FF-BD4C-990B-23E3FFC50F9C}.Debug|x64.Build.0 = Debug|x64
		{032D7D03-2F36-9943-8A08-694AAB32CCD5}.Release|Win32.ActiveCfg = Release|Win32
		{032D7D03-2F36-9943-8A08-694AAB32CCD5}.Release|Win32.Build.0 = Release|Win32
		{032D7D03-2F36-9943-8A08-694AAB32CCD5}.Release|x64.ActiveCfg = Release|x64
		{032D7D03-2F36-9943-8A08-694AAB32CCD5}.Release|x64.Build.0 = Release|x64
		{032D7D03-2F36-9943-8A08-694AAB32CCD5}.Debug|Win32.ActiveCfg = Debug|Win32
		{032D7D03-2F36-9943-8A08-694AAB32CCD5}.Debug|Win32.Build.0 = Debug|Win32
		{032D7D03-2F36-9943-8A08-694AAB32CCD5}.Debug|x64.ActiveCfg = Debug|x64
		{032D7D03-2F36-9943-8A08-694AAB32CCD5}.Debug|x64.Build.0 = Debug|x64
		{883A8098-C2C1-9E4D-ADB2-3AFA937BEE7F}.Release|Win32.ActiveCfg = Release|Win32
		{883A8098-C2C1-9E4D-ADB2-3AFA937BEE7F}.Release|Win32.Build.0 = Release|Win32
		{883A8098-C2C1-9E4D-ADB2-3AFA937BEE7F}.Release|x64.ActiveCfg = Release|x64
		{883A8098-C2C1-9E4D-ADB2-3AFA937BEE7F}.Release|x64.Build.0 = Release|x64
		{883A8098-C2C1-9E4D-ADB2-3AFA937BEE7F}.Debug|Win32.ActiveCfg = Debug|Win32
		{883A8098-C2C1-9E4D-ADB2-3AFA937BEE7F}.Debug|Win32.Build.0 = Debug|Win32
		{883A8098-C2C1-9E4D-ADB2-3AFA937BEE7F}.Debug|x64.ActiveCfg = Debug|x64
		{883A8098-C2C1-9E4D-ADB2-3AFA937BEE7F}.Debug|x64.Build.0 = Debug|x64
		{1EC4CC51-AF41-F548-8307-1FF0AE7664F5}.Release|Win32.ActiveCfg = Release|Win32
		{1EC4CC51-AF41-F548-8307-1FF0AE7664F5}.Release|Win32.Build.0 = Release|Win32
		{1EC4CC51-AF41-F548-8307-1FF0AE7664F5}.Release|x64.ActiveCfg = Release|x64
		{1EC4CC51-AF41-F548-8307-1FF0AE7664F5}.Release|x64.Build.0 = Release|x64
		{1EC4CC51-AF41-F548-8307-1FF0AE7664F5}.Debug|Win32.ActiveCfg = Debug|Win32
		{1EC4CC51-AF41-F548-8307-1FF0AE7664F5}.Debug|Win32.Build.0 = Debug|Win32
		{1EC4CC51-AF41-F548-8307-1FF0AE7664F5}.Debug|x64.ActiveCfg = Debug|x64
		{1EC4CC51-AF41-F548-8307-1FF0AE7664F5}.Debug|x64.Build.0 = Debug|x64
		{00C20917-30B9-364B-9849-38087BF13CEE}.Release|Win32.ActiveCfg = Release|Win32
		{00C20917-30B9-364B-9849-38087BF13CEE}.Release|Win32.Build.0 = Release|Win32
		{00C20917-30B9-364B-9849-38087BF13CEE}.Release|x64.ActiveCfg = Release|x64
		{00C20917-30B9-364B-9849-38087BF13CEE}.Release|x64.Build.0 = Release|x64
		{00C20917-30B9-364B-9849-38087BF13CEE}.Debug|Win32.ActiveCfg = Debug|Win32
		{00C20917-30B9-364B-9849-38087BF13CEE}.Debug|Win32.Build.0 = Debug|Win32
		{00C20917-30B9-364B-9849-38087BF13CEE}.Debug|x64.ActiveCfg = Debug|x64
		{00C20917-30B9-364B-9849-38087BF13CEE}.Debug|x64.Build.0 = Debug|x64
		{D682CC96-AF54-F743-A0A9-823B98B619A6}.Release|Win32.ActiveCfg = Release|Win32
		{D682CC96-AF54-F743-A0A9-823B98B619A6}.Release|Win32.Build.0 = Release|Win32
		{D682CC96-AF54-F743-A0A9-823B98B619A6}.Release|x64.ActiveCfg = Release|x64
		{D682CC96-AF54-F743-A0A9-823B98B619A6}.Release|x64.Build.0 = Release|x64
		{D682CC96-AF54-F743-A0A9-823B98B619A6}.Debug|Win32.ActiveCfg = Debug|Win32
		{D682CC96-AF54-F743-A0A9-823B98B619A6}.Debug|Win32.Build.0 = Debug|Win32
		{D682CC96-AF54-F743-A0A9-823B98B619A6}.Debug|x64.ActiveCfg = Debug|x64
		{D682CC96-AF54-F743-A0A9-823B98B619A6}.Debug|x64.Build.0 = Debug|x64
		{179ADE9D-5D13-9944-80A9-9C832EA2F6FA}.Release|Win32.ActiveCfg = Release|Win32
		{179ADE9D-5D13-9944-80A9-9C832EA2F6FA}.Release|Win32.Build.0 = Release|Win32
		{179ADE9D-5D13-9944-80A9-9C832EA2F6FA}.Release|x64.ActiveCfg = Release|x64
		{179ADE9D-5D13-9944-80A9-9C832EA2F6FA}.Release|x64.Build.0 = Release|x64
		{179ADE9D-5D13-9944-80A9-9C832EA2F6FA}.Debug|Win32.ActiveCfg = Debug|Win32
		{179ADE9D-5D13-9944-80A9-9C832EA2F6FA}.Debug|Win32.Build.0 = Debug|Win32
		{179ADE9D-5D13-9944-80A9-9C832EA2F6FA}.Debug|x64.ActiveCfg = Debug|x64
		{179ADE9D-5D13-9944-80A9-9C832EA2F6FA}.Debug|x64.Build.0 = Debug|x64
		{D509D64E-A450-1B4D-B1CE-8DFFDCDFB13D}.Release|Win32.ActiveCfg = Release|Win32
		{D509D64E-A450-1B4D-B1CE-8DFFDCDFB13D}.Release|Win32.Build.0 = Release|Win32
		{D509D64E-A450-1B4D-B1CE-8DFFDCDFB13D}.Release|x64.ActiveCfg = Release|x64
		{D509D64E-A450-1B4D-B1CE-8DFFDCDFB13D}.Release|x64.Build.0 = Release|x64
		{D509D64E-A450-1B4D-B1CE-8DFFDCDFB13D}.Debug|Win32.ActiveCfg = Debug|Win32
		{D509D64E-A450-1B4D-B1CE-8DFFDCDFB13D}.Debug|Win32.Build.0 = Debug|Win32
		{D509D64E-A450-1B4D-B1CE-8DFFDCDFB13D}.Debug|x64.ActiveCfg = Debug|x64
		{D509D64E-A450-1B4D-B1CE-8DFFDCDFB13D}.Debug|x64.Build.0 = Debug|x64
		{DEAB9DD2-A378-1B40-A374-61E3B5542C09}.Release|Win32.ActiveCfg = Release|Win32
		{DEAB9DD2-A378-1B40-A374-61E3B5542C09}.Release|Win32.Build.0 = Release|Win32
		{DEAB9DD2-A378-1B40-A374-61E3B5542C09}.Release|x64.ActiveCfg = Release|x64
		{DEAB9DD2-A378-1B40-A374-61E3B5542C09}.Release|x64.Build.0 = Release|x64
		{DEAB9DD2-A378-1B40-A374-61E3B5542C09}.Debug|Win32.ActiveCfg = Debug|Win32
		{DEAB9DD2-A378-1B40-A374-61E3B5542C09}.Debug|Win32.Build.0 = Debug|Win32
		{DEAB9DD2-A378-1B40-A374-61E3B5542C09}.Debug|x64.ActiveCfg = Debug|x64
		{DEAB9DD2-A378-1B40-A374-61E3B5542C09}.Debug|x64.Build.0 = Debug|x64
		{432296BC-F109-E34C-8522-4486C1DAB6D5}.Release|Win32.ActiveCfg = Release|Win32
		{432296BC-F109-E34C-8522-4486C1DAB6D5}.Release|Win32.Build.0 = Release|Win32
		{432296BC-F109-E34C-8522-4486C1DAB6D5}.Release|x64.ActiveCfg = Release|x64
		{432296BC-F109-E34C-8522-4486C1DAB6D5}.Release|x64.Build.0 = Release|x64
		{432296BC-F109-E34C-8522-4486C1DAB6D5}.Debug|Win32.ActiveCfg = Debug|Win32
		{432296BC-F109-E34C-8522-4486C1DAB6D5}.Debug|Win32.Build.0 = Debug|Win32
		{432296BC-F109-E34C-8522-4486C1DAB6D5}.Debug|x64.ActiveCfg = Debug|x64
		{432296BC-F109-E34C-8522-4486C1DAB6D5}.Debug|x64.Build.0 = Debug|x64
		{20E31351-651E-2047-962B-5333DCAF4FFF}.Release|Win32.ActiveCfg = Release|Win32
		{20E31351-651E-2047-962B-5333DCAF4FFF}.Release|Win32.Build.0 = Release|Win32
		{20E31351-651E-2047-962B-5333DCAF4FFF}.Release|x64.ActiveCfg = Release|x64
		{20E31351-651E-2047-962B-5333DCAF4FFF}.Release|x64.Build.0 = Release|x64
		{20E31351-651E-2047-962B-5333DCAF4FFF}.Debug|Win32.ActiveCfg = Debug|Win32
		{20E31351-651E-2047-962B-5333DCAF4FFF}.Debug|Win32.Build.0 = Debug|Win32
		{20E31351-651E-2047-962B-5333DCAF4FFF}.Debug|x64.ActiveCfg = Debug|x64
		{20E31351-651E-2047-962B-5333DCAF4FFF}.Debug|x64.Build.0 = Debug|x64
		{D23F0B00-84ED-384A-9D27-F992FB26DF55}.Release|Win32.ActiveCfg = Release|Win32
		{D23F0B00-84ED-384A-9D27-F992FB26DF55}.Release|Win32.Build.0 = Release|Win32
		{D23F0B00-84ED-384A-9D27-F992FB26DF55}.Release|x64.ActiveCfg = Release|x64
		{D23F0B00-84ED-384A-9D27-F992FB26DF55}.Release|x64.Build.0 = Release|x64
		{D23F0B00-84ED-384A-9D27-F992FB26DF55}.Debug|Win32.ActiveCfg = Debug|Win32
		{D23F0B00-84ED-384A-9D27-F992FB26DF55}.Debug|Win32.Build.0 = Debug|Win32
		{D23F0B00-84ED-384A-9D27-F992FB26DF55}.Debug|x64.ActiveCfg = Debug|x64
		{D23F0B00-84ED-384A-9D27-F992FB26DF55}.Debug|x64.Build.0 = Debug|x64
		{91558565-B40D-2B43-906A-81175CC005D8}.Release|Win32.ActiveCfg = Release|Win32
		{91558565-B40D-2B43-906A-81175CC005D8}.Release|Win32.Build.0 = Release|Win32
		{91558565-B40D-2B43-906A-81175CC005D8}.Release|x64.ActiveCfg = Release|x64
		{91558565-B40D-2B43-906A-81175CC005D8}.Release|x64.Build.0 = Release|x64
		{91558565-B40D-2B43-906A-81175CC005D8}.Debug|Win32.ActiveCfg = Debug|Win32
		{91558565-B40D-2B43-906A-81175CC005D8}.Debug|Win32.Build.0 = Debug|Win32
		{91558565-B40D-2B43-906A-81175CC005D8}.Debug|x64.ActiveCfg = Debug|x64
		{91558565-B40D-2B43-906A-81175CC005D8}.Debug|x64.Build.0 = Debug|x64
		{8B816B7D-451D-4445-AF7D-7252A15B73D0}.Release|Win32.ActiveCfg = Release|Win32
		{8B816B7D-451D-4445-AF7D-7252A15B73D0}.Release|Win32.Build.0 = Release|Win32
		{8B816B7D-451D-4445-AF7D-7252A15B73D0}.Release|x64.ActiveCfg = Release|x64
		{8B816B7D-451D-4445-AF7D-7252A15B73D0}.Release|x64.Build.0 = Release|x64
		{8B816B7D-451D-4445-AF7D-7252A15B73D0}.Debug|Win32.ActiveCfg = Debug|Win32
		{8B816B7D-451D-4445-AF7D-7252A15B73D0}.Debug|Win32.Build.0 = Debug|Win32
		{8B816B7D-451D-4445-AF7D-7252A15B73D0}.Debug|x64.ActiveCfg = Debug|x64
		{8B816B7D-451D-4445-AF7D-7252A15B73D0}.Debug|x64.Build.0 = Debug|x64
		{960288C5-D6BA-5949-8B41-8F413A66C15C}.Release|Win32.ActiveCfg = Release|Win32
		{960288C5-D6BA-5949-8B41-8F413A66C15C}.Release|Win32.Build.0 = Release|Win32
		{960288C5-D6BA-5949-8B41-8F413A66C15C}.Release|x64.ActiveCfg = Release|x64
		{960288C5-D6BA-5949-8B41-8F413A66C15C}.Release|x64.Build.0 = Release|x64
		{960288C5-D6BA-5949-8B41-8F413A66C15C}.Debug|Win32.ActiveCfg = Debug|Win32
		{960288C5-D6BA-5949-8B41-8F413A66C15C}.Debug|Win32.Build.0 = Debug|Win32
		{960288C5-D6BA-5949-8B41-8F413A66C15C}.Debug|x64.ActiveCfg = Debug|x64
		{960288C5-D6BA-5949-8B41-8F413A66C15C}.Debug|x64.Build.0 = Debug|x64
		{BC46568A-F743-594A-B5C3-701715C33FB4}.Release|Win32.ActiveCfg = Release|Win32
		{BC46568A-F743-594A-B5C3-701715C33FB4}.Release|Win32.Build.0 = Release|Win32
		{BC46568A-F743-594A-B5C3-701715C33FB4}.Release|x64.ActiveCfg = Release|x64
		{BC46568A-F743-594A-B5C3-701715C33FB4}.Release|x64.Build.0 = Release|x64
		{BC46568A-F743-594A-B5C3-701715C33FB4}.Debug|Win32.ActiveCfg = Debug|Win32
		{BC46568A-F743-594A-B5C3-701715C33FB4}.Debug|Win32.Build.0 = Debug|Win32
		{BC46568A-F743-594A-B5C3-701715C33FB4}.Debug|x64.ActiveCfg = Debug|x64
		{BC46568A-F743-594A-B5C3-701715C33FB4}.Debug|x64.Build.0 = Debug|x64
		{F26AC003-0D36-224A-8BB7-7D5A91E569E4}.Release|Win32.ActiveCfg = Release|Win32
		{F26AC003-0D36-224A-8BB7-7D5A91E569E4}.Release|Win32.Build.0 = Release|Win32
		{F26AC003-0D36-224A-8BB7-7D5A91E569E4}.Release|x64.ActiveCfg = Release|x64
		{F26AC003-0D36-224A-8BB7-7D5A91E569E4}.Release|x64.Build.0 = Release|x64
		{F26AC003-0D36-224A-8BB7-7D5A91E569E4}.Debug|Win32.ActiveCfg = Debug|Win32
		{F26AC003-0D36-224A-8BB7-7D5A91E569E4}.Debug|Win32.Build.0 = Debug|Win32
		{F26AC003-0D36-224A-8BB7-7D5A91E569E4}.Debug|x64.ActiveCfg = Debug|x64
		{F26AC003-0D36-224A-8BB7-7D5A91E569E4}.Debug|x64.Build.0 = Debug|x64
		{160B583E-179C-0545-B5A1-E94EB8399DE5}.Release|Win32.ActiveCfg = Release|Win32
		{160B583E-179C-0545-B5A1-E94EB8399DE5}.Release|Win32.Build.0 = Release|Win32
		{160B583E-179C-0545-B5A1-E94EB8399DE5}.Release|x64.ActiveCfg = Release|x64
		{160B583E-179C-0545-B5A1-E94EB8399DE5}.Release|x64.Build.0 = Release|x64
		{160B583E-179C-0545-B5A1-E94EB8399DE5}.Debug|Win32.ActiveCfg = Debug|Win32
		{160B583E-179C-0545-B5A1-E94EB8399DE5}.Debug|Win32.Build.0 = Debug|Win32
		{160B583E-179C-0545-B5A1-E94EB8399DE5}.Debug|x64.ActiveCfg = Debug|x64
		{160B583E-179C-0545-B5A1-E94EB8399DE5}.Debug|x64.Build.0 = Debug|x64
		{8F8AAB29-3B33-E442-A110-0A35B94B5051}.Release|Win32.ActiveCfg = Release|Win32
		{8F8AAB29-3B33-E442-A110-0A35B94B5051}.Release|Win32.Build.0 = Release|Win32
		{8F8AAB29-3B33-E442-A110-0A35B94B5051}.Release|x64.ActiveCfg = Release|x64
		{8F8AAB29-3B33-E442-A110-0A35B94B5051}.Release|x64.Build.0 = Release|x64
		{8F8AAB29-3B33-E442-A110-0A35B94B5051}.Debug|Win32.ActiveCfg = Debug|Win32
		{8F8AAB29-3B33-E442-A110-0A35B94B5051}.Debug|Win32.Build.0 = Debug|Win32
		{8F8AAB29-3B33-E442-A110-0A35B94B5051}.Debug|x64.ActiveCfg = Debug|x64
		{8F8AAB29-3B33-E442-A110-0A35B94B5051}.Debug|x64.Build.0 = Debug|x64
		{11050D37-D16A-2F42-8EEF-FD6C947865C7}.Release|Win32.ActiveCfg = Release|Win32
		{11050D37-D16A-2F42-8EEF-FD6C947865C7}.Release|Win32.Build.0 = Release|Win32
		{11050D37-D16A-2F42-8EEF-FD6C947865C7}.Release|x64.ActiveCfg = Release|x64
		{11050D37-D16A-2F42-8EEF-FD6C947865C7}.Release|x64.Build.0 = Release|x64
		{11050D37-D16A-2F42-8EEF-FD6C947865C7}.Debug|Win32.ActiveCfg = Debug|Win32
		{11050D37-D16A-2F42-8EEF-FD6C947865C7}.Debug|Win32.Build.0 = Debug|Win32
		{11050D37-D16A-2F42-8EEF-FD6C947865C7}.Debug|x64.ActiveCfg = Debug|x64
		{11050D37-D16A-2F42-8EEF-FD6C947865C7}.Debug|x64.Build.0 = Debug|x64
		{7F02939A-77B9-C945-A051-0FCA7EA85742}.Release|Win32.ActiveCfg = Release|Win32
		{7F02939A-77B9-C945-A051-0FCA7EA85742}.Release|Win32.Build.0 = Release|Win32
		{7F02939A-77B9-C945-A051-0FCA7EA85742}.Release|x64.ActiveCfg = Release|x64
		{7F02939A-77B9-C945-A051-0FCA7EA85742}.Release|x64.Build.0 = Release|x64
		{7F02939A-77B9-C945-A051-0FCA7EA85742}.Debug|Win32.ActiveCfg = Debug|Win32
		{7F02939A-77B9-C945-A051-0FCA7EA85742}.Debug|Win32.Build.0 = Debug|Win32
		{7F02939A-77B9-C945-A051-0FCA7EA85742}.Debug|x64.ActiveCfg = Debug|x64
		{7F02939A-77B9-C945-A051-0FCA7EA85742}.Debug|x64.Build.0 = Debug|x64
		{243B7625-30C2-0B4E-A9BE-4721A675F2D8}.Release|Win32.ActiveCfg = Release|Win32
		{243B7625-30C2-0B4E-A9BE-4721A675F2D8}.Release|Win32.Build.0 = Release|Win32
		{243B7625-30C2-0B4E-A9BE-4721A675F2D8}.Release|x64.ActiveCfg = Release|x64
		{243B7625-30C2-0B4E-A9BE-4721A675F2D8}.Release|x64.Build.0 = Release|x64
		{243B7625-30C2-0B4E-A9BE-4721A675F2D8}.Debug|Win32.ActiveCfg = Debug|Win32
		{243B7625-30C2-0B4E-A9BE-4721A675F2D8}.Debug|Win32.Build.0 = Debug|Win32
		{243B7625-30C2-0B4E-A9BE-4721A675F2D8}.Debug|x64.ActiveCfg = Debug|x64
		{243B7625-30C2-0B4E-A9BE-4721A675F2D8}.Debug|x64.Build.0 = Debug|x64
		{01F03357-24E3-BF4C-B27F-89302A7CA272}.Release|Win32.ActiveCfg = Release|Win32
		{01F03357-24E3-BF4C-B27F-89302A7CA272}.Release|Win32.Build.0 = Release|Win32
		{01F03357-24E3-BF4C-B27F-89302A7CA272}.Release|x64.ActiveCfg = Release|x64
		{01F03357-24E3-BF4C-B27F-89302A7CA272}.Release|x64.Build.0 = Release|x64
		{01F03357-24E3-BF4C-B27F-89302A7CA272}.Debug|Win32.ActiveCfg = Debug|Win32
		{01F03357-24E3-BF4C-B27F-89302A7CA272}.Debug|Win32.Build.0 = Debug|Win32
		{01F03357-24E3-BF4C-B27F-89302A7CA272}.Debug|x64.ActiveCfg = Debug|x64
		{01F03357-24E3-BF4C-B27F-89302A7CA272}.Debug|x64.Build.0 = Debug|x64
		{49446A29-39B2-B344-AB86-5F280F5BB2C3}.Release|Win32.ActiveCfg = Release|Win32
		{49446A29-39B2-B344-AB86-5F280F5BB2C3}.Release|Win32.Build.0 = Release|Win32
		{49446A29-39B2-B344-AB86-5F280F5BB2C3}.Release|x64.ActiveCfg = Release|x64
		{49446A29-39B2-B344-AB86-5F280F5BB2C3}.Release|x64.Build.0 = Release|x64
		{49446A29-39B2-B344-AB86-5F280F5BB2C3}.Debug|Win32.ActiveCfg = Debug|Win32
		{49446A29-39B2-B344-AB86-5F280F5BB2C3}.Debug|Win32.Build.0 = Debug|Win32
		{49446A29-39B2-B344-AB86-5F280F5BB2C3}.Debug|x64.ActiveCfg = Debug|x64
		{49446A29-39B2-B344-AB86-5F280F5BB2C3}.Debug|x64.Build.0 = Debug|x64
		{2CDA27FC-32D1-FC4D-BBA0-4D8319B0902F}.Release|Win32.ActiveCfg = Release|Win32
		{2CDA27FC-32D1-FC4D-BBA0-4D8319B0902F}.Release|Win32.Build.0 = Release|Win32
		{2CDA27FC-32D1-FC4D-BBA0-4D8319B0902F}.Release|x64.ActiveCfg = Release|x64
		{2CDA27FC-32D1-FC4D-BBA0-4D8319B0902F}.Release|x64.Build.0 = Release|x64
		{2CDA27FC-32D1-FC4D-BBA0-4D8319B0902F}.Debug|Win32.ActiveCfg = Debug|Win32
		{2CDA27FC-32D1-FC4D-BBA0-4D8319B0902F}.Debug|Win32.Build.0 = Debug|Win32
		{2CDA27FC-32D1-FC4D-BBA0-4D8319B0902F}.Debug|x64.ActiveCfg = Debug|x64
		{2CDA27FC-32D1-FC4D-BBA0-4D8319B0902F}.Debug|x64.Build.0 = Debug|x64
		{292605B5-EF95-DD46-A2E3-4162EDAD991C}.Release|Win32.ActiveCfg = Release|Win32
		{292605B5-EF95-DD46-A2E3-4162EDAD991C}.Release|Win32.Build.0 = Release|Win32
		{292605B5-EF95-DD46-A2E3-4162EDAD991C}.Release|x64.ActiveCfg = Release|x64
		{292605B5-EF95-DD46-A2E3-4162EDAD991C}.Release|x64.Build.0 = Release|x64
		{292605B5-EF95-DD46-A2E3-4162EDAD991C}.Debug|Win32.ActiveCfg = Debug|Win32
		{292605B5-EF95-DD46-A2E3-4162EDAD991C}.Debug|Win32.Build.0 = Debug|Win32
		{292605B5-EF95-DD46-A2E3-4162EDAD991C}.Debug|x64.ActiveCfg = Debug|x64
		{292605B5-EF95-DD46-A2E3-4162EDAD991C}.Debug|x64.Build.0 = Debug|x64
		{44D59597-25D5-864A-B5D3-43AF233CA35F}.Release|Win32.ActiveCfg = Release|Win32
		{44D59597-25D5-864A-B5D3-43AF233CA35F}.Release|Win32.Build.0 = Release|Win32
		{44D59597-25D5-864A-B5D3-43AF233CA35F}.Release|x64.ActiveCfg = Release|x64
		{44D59597-25D5-864A-B5D3-43AF233CA35F}.Release|x64.Build.0 = Release|x64
		{44D59597-25D5-864A-B5D3-43AF233CA35F}.Debug|Win32.ActiveCfg = Debug|Win32
		{44D59597-25D5-864A-B5D3-43AF233CA35F}.Debug|Win32.Build.0 = Debug|Win32
		{44D59597-25D5-864A-B5D3-43AF233CA35F}.Debug|x64.ActiveCfg = Debug|x64
		{44D59597-25D5-864A-B5D3-43AF233CA35F}.Debug|x64.Build.0 = Debug|x64
		{ADA5D885-66CF-E747-96D0-F9E5DA05B11B}.Release|Win32.ActiveCfg = Release|Win32
		{ADA5D885-66CF-E747-96D0-F9E5DA05B11B}.Release|Win32.Build.0 = Release|Win32
		{ADA5D885-66CF-E747-96D0-F9E5DA05B11B}.Release|x64.ActiveCfg = Release|x64
		{ADA5D885-66CF-E747-96D0-F9E5DA05B11B}.Release|x64.Build.0 = Release|x64
		{ADA5D885-66CF-E747-96D0-F9E5DA05B11B}.Debug|Win32.ActiveCfg = Debug|Win32
		{ADA5D885-66CF-E747-96D0-F9E5DA05B11B}.Debug|Win32.Build.0 = Debug|Win32
		{ADA5D885-66CF-E747-96D0-F9E5DA05B11B}.Debug|x64.ActiveCfg = Debug|x64
		{ADA5D885-66CF-E747-96D0-F9E5DA05B11B}.Debug|x64.Build.0 = Debug|x64
		{501ABF51-5AAC-014D-9161-58B544C4DC87}.Release|Win32.ActiveCfg = Release|Win32
		{501ABF51-5AAC-014D-9161-58B544C4DC87}.Release|Win32.Build.0 = Release|Win32
		{501ABF51-5AAC-014D-9161-58B544C4DC87}.Release|x64.ActiveCfg = Release|x64
		{501ABF51-5AAC-014D-9161-58B544C4DC87}.Release|x64.Build.0 = Release|x64
		{501ABF51-5AAC-014D-9161-58B544C4DC87}.Debug|Win32.ActiveCfg = Debug|Win32
		{501ABF51-5AAC-014D-9161-58B544C4DC87}.Debug|Win32.Build.0 = Debug|Win32
		{501ABF51-5AAC-014D-9161-58B544C4DC87}.Debug|x64.ActiveCfg = Debug|x64
		{501ABF51-5AAC-014D-9161-58B544C4DC87}.Debug|x64.Build.0 = Debug|x64
		{BC24C53B-D1AB-4740-8295-423BBB8EC3E3}.Release|Win32.ActiveCfg = Release|Win32
		{BC24C53B-D1AB-4740-8295-423BBB8EC3E3}.Release|Win32.Build.0 = Release|Win32
		{BC24C53B-D1AB-4740-8295-423BBB8EC3E3}.Release|x64.ActiveCfg = Release|x64
		{BC24C53B-D1AB-4740-8295-423BBB8EC3E3}.Release|x64.Build.0 = Release|x64
		{BC24C53B-D1AB-4740-8295-423BBB8EC3E3}.Debug|Win32.ActiveCfg = Debug|Win32
		{BC24C53B-D1AB-4740-8295-423BBB8EC3E3}.Debug|Win32.Build.0 = Debug|Win32
		{BC24C53B-D1AB-4740-8295-423BBB8EC3E3}.Debug|x64.ActiveCfg = Debug|x64
		{BC24C53B-D1AB-4740-8295-423BBB8EC3E3}.Debug|x64.Build.0 = Debug|x64
		{F9A815C3-5498-9E46-A17D-D5D2C57AA5AD}.Release|Win32.ActiveCfg = Release|Win32
		{F9A815C3-5498-9E46-A17D-D5D2C57AA5AD}.Release|Win32.Build.0 = Release|Win32
		{F9A815C3-5498-9E46-A17D-D5D2C57AA5AD}.Release|x64.ActiveCfg = Release|x64
		{F9A815C3-5498-9E46-A17D-D5D2C57AA5AD}.Release|x64.Build.0 = Release|x64
		{F9A815C3-5498-9E46-A17D-D5D2C57AA5AD}.Debug|Win32.ActiveCfg = Debug|Win32
		{F9A815C3-5498-9E46-A17D-D5D2C57AA5AD}.Debug|Win32.Build.0 = Debug|Win32
		{F9A815C3-5498-9E46-A17D-D5D2C57AA5AD}.Debug|x64.ActiveCfg = Debug|x64
		{F9A815C3-5498-9E46-A17D-D5D2C57AA5AD}.Debug|x64.Build.0 = Debug|x64
		{A8EA08D2-D1E6-994B-B3EA-B3318EE93334}.Release|Win32.ActiveCfg = Release|Win32
		{A8EA08D2-D1E6-994B-B3EA-B3318EE93334}.Release|Win32.Build.0 = Release|Win32
		{A8EA08D2-D1E6-994B-B3EA-B3318EE93334}.Release|x64.ActiveCfg = Release|x64
		{A8EA08D2-D1E6-994B-B3EA-B3318EE93334}.Release|x64.Build.0 = Release|x64
		{A8EA08D2-D1E6-994B-B3EA-B3318EE93334}.Debug|Win32.ActiveCfg = Debug|Win32
		{A8EA08D2-D1E6-994B-B3EA-B3318EE93334}.Debug|Win32.Build.0 = Debug|Win32
		{A8EA08D2-D1E6-994B-B3EA-B3318EE93334}.Debug|x64.ActiveCfg = Debug|x64
		{A8EA08D2-D1E6-994B-B3EA-B3318EE93334}.Debug|x64.Build.0 = Debug|x64
		{4BB394BB-DAB7-6A4C-B82C-A4914AC607F8}.Release|Win32.ActiveCfg = Release|Win32
		{4BB394BB-DAB7-6A4C-B82C-A4914AC607F8}.Release|Win32.Build.0 = Release|Win32
		{4BB394BB-DAB7-6A4C-B82C-A4914AC607F8}.Release|x64.ActiveCfg = Release|x64
		{4BB394BB-DAB7-6A4C-B82C-A4914AC607F8}.Release|x64.Build.0 = Release|x64
		{4BB394BB-DAB7-6A4C-B82C-A4914AC607F8}.Debug|Win32.ActiveCfg = Debug|Win32
		{4BB394BB-DAB7-6A4C-B82C-A4914AC607F8}.Debug|Win32.Build.0 = Debug|Win32
		{4BB394BB-DAB7-6A4C-B82C-A4914AC607F8}.Debug|x64.ActiveCfg = Debug|x64
		{4BB394BB-DAB7-6A4C-B82C-A4914AC607F8}.Debug|x64.Build.0 = Debug|x64
		{86EEA550-7AA0-2348-A72A-F0F8B78BB26F}.Release|Win32.ActiveCfg = Release|Win32
		{86EEA550-7AA0-2348-A72A-F0F8B78BB26F}.Release|Win32.Build.0 = Release|Win32
		{86EEA550-7AA0-2348-A72A-F0F8B78BB26F}.Release|x64.ActiveCfg = Release|x64
		{86EEA550-7AA0-2348-A72A-F0F8B78BB26F}.Release|x64.Build.0 = Release|x64
		{86EEA550-7AA0-2348-A72A-F0F8B78BB26F}.Debug|Win32.ActiveCfg = Debug|Win32
		{86EEA550-7AA0-2348-A72A-F0F8B78BB26F}.Debug|Win32.Build.0 = Debug|Win32
		{86EEA550-7AA0-2348-A72A-F0F8B78BB26F}.Debug|x64.ActiveCfg = Debug|x64
		{86EEA550-7AA0-2348-A72A-F0F8B78BB26F}.Debug|x64.Build.0 = Debug|x64
		{1D5E13B6-0F29-6E40-A858-7DB54F64796F}.Release|Win32.ActiveCfg = Release|Win32
		{1D5E13B6-0F29-6E40-A858-7DB54F64796F}.Release|Win32.Build.0 = Release|Win32
		{1D5E13B6-0F29-6E40-A858-7DB54F64796F}.Release|x64.ActiveCfg = Release|x64
		{1D5E13B6-0F29-6E40-A858-7DB54F64796F}.Release|x64.Build.0 = Release|x64
		{1D5E13B6-0F29-6E40-A858-7DB54F64796F}.Debug|Win32.ActiveCfg = Debug|Win32
		{1D5E13B6-0F29-6E40-A858-7DB54F64796F}.Debug|Win32.Build.0 = Debug|Win32
		{1D5E13B6-0F29-6E40-A858-7DB54F64796F}.Debug|x64.ActiveCfg = Debug|x64
		{1D5E13B6-0F29-6E40-A858-7DB54F64796F}.Debug|x64.Build.0 = Debug|x64
		{A57D9EB6-07F7-2541-BF6E-F32AB35C27E4}.Release|Win32.ActiveCfg = Release|Win32
		{A57D9EB6-07F7-2541-BF6E-F32AB35C27E4}.Release|Win32.Build.0 = Release|Win32
		{A57D9EB6-07F7-2541-BF6E-F32AB35C27E4}.Release|x64.ActiveCfg = Release|x64
		{A57D9EB6-07F7-2541-BF6E-F32AB35C27E4}.Release|x64.Build.0 = Release|x64
		{A57D9EB6-07F7-2541-BF6E-F32AB35C27E4}.Debug|Win32.ActiveCfg = Debug|Win32
		{A57D9EB6-07F7-2541-BF6E-F32AB35C27E4}.Debug|Win32.Build.0 = Debug|Win32
		{A57D9EB6-07F7-2541-BF6E-F32AB35C27E4}.Debug|x64.ActiveCfg = Debug|x64
		{A57D9EB6-07F7-2541-BF6E-F32AB35C27E4}.Debug|x64.Build.0 = Debug|x64
		{56350263-FA52-B14A-8DCC-945D79F113BA}.Release|Win32.ActiveCfg = Release|Win32
		{56350263-FA52-B14A-8DCC-945D79F113BA}.Release|Win32.Build.0 = Release|Win32
		{56350263-FA52-B14A-8DCC-945D79F113BA}.Release|x64.ActiveCfg = Release|x64
		{56350263-FA52-B14A-8DCC-945D79F113BA}.Release|x64.Build.0 = Release|x64
		{56350263-FA52-B14A-8DCC-945D79F113BA}.Debug|Win32.ActiveCfg = Debug|Win32
		{56350263-FA52-B14A-8DCC-945D79F113BA}.Debug|Win32.Build.0 = Debug|Win32
		{56350263-FA52-B14A-8DCC-945D79F113BA}.Debug|x64.ActiveCfg = Debug|x64
		{56350263-FA52-B14A-8DCC-945D79F113BA}.Debug|x64.Build.0 = Debug|x64
		{AA6DD64B-2C21-2349-8C47-B4C595CBFDB5}.Release|Win32.ActiveCfg = Release|Win32
		{AA6DD64B-2C21-2349-8C47-B4C595CBFDB5}.Release|Win32.Build.0 = Release|Win32
		{AA6DD64B-2C21-2349-8C47-B4C595CBFDB5}.Release|x64.ActiveCfg = Release|x64
		{AA6DD64B-2C21-2349-8C47-B4C595CBFDB5}.Release|x64.Build.0 = Release|x64
		{AA6DD64B-2C21-2349-8C47-B4C595CBFDB5}.Debug|Win32.ActiveCfg = Debug|Win32
		{AA6DD64B-2C21-2349-8C47-B4C595CBFDB5}.Debug|Win32.Build.0 = Debug|Win32
		{AA6DD64B-2C21-2349-8C47-B4C595CBFDB5}.Debug|x64.ActiveCfg = Debug|x64
		{AA6DD64B-2C21-2349-8C47-B4C595CBFDB5}.Debug|x64.Build.0 = Debug|x64
	EndGlobalSection
	GlobalSection(SolutionProperties) = preSolution
		HideSolutionNode = FALSE
	EndGlobalSection
EndGlobal
