<?xml version="1.0" encoding="utf-8"?>
<Project ToolsVersion="4.0" xmlns="http://schemas.microsoft.com/developer/msbuild/2003">
  <ItemGroup>
    <Filter Include="Demos">
      <UniqueIdentifier>{B6B25C64-9510-CA4A-BBF0-CC7471A0BA8E}</UniqueIdentifier>
    </Filter>
    <Filter Include="Demos\HelloWorld">
      <UniqueIdentifier>{3CAF73E9-77F6-804E-99FF-4DA121C1ACE5}</UniqueIdentifier>
    </Filter>
  </ItemGroup>
  <ItemGroup>
    <ClCompile Include="..\..\Demos\HelloWorld\HelloWorld.cpp">
      <Filter>Demos\HelloWorld</Filter>
    </ClCompile>
  </ItemGroup>
  <ItemGroup>
    <ResourceCompile Include="..\bullet.rc" />
  </ItemGroup>
</Project>
