<?xml version="1.0" encoding="utf-8"?>
<Project ToolsVersion="4.0" xmlns="http://schemas.microsoft.com/developer/msbuild/2003">
  <ItemGroup>
    <Filter Include="Demos">
      <UniqueIdentifier>{C1E3BA3D-7831-6746-8E1A-E14E2B06EB92}</UniqueIdentifier>
    </Filter>
    <Filter Include="Demos\SimplexDemo">
      <UniqueIdentifier>{428DA788-AF63-E943-9689-671A536BE2A8}</UniqueIdentifier>
    </Filter>
  </ItemGroup>
  <ItemGroup>
    <ClInclude Include="..\..\Demos\SimplexDemo\SimplexDemo.h">
      <Filter>Demos\SimplexDemo</Filter>
    </ClInclude>
  </ItemGroup>
  <ItemGroup>
    <ClCompile Include="..\..\Demos\SimplexDemo\SimplexDemo.cpp">
      <Filter>Demos\SimplexDemo</Filter>
    </ClCompile>
  </ItemGroup>
  <ItemGroup>
    <ResourceCompile Include="..\bullet.rc" />
  </ItemGroup>
</Project>
