<?xml version="1.0" encoding="utf-8"?>
<Project ToolsVersion="4.0" xmlns="http://schemas.microsoft.com/developer/msbuild/2003">
  <ItemGroup>
    <Filter Include="Demos">
      <UniqueIdentifier>{57A21A6D-71BF-2C4A-8172-15E94412F974}</UniqueIdentifier>
    </Filter>
    <Filter Include="Demos\FeatherstoneMultiBodyDemo">
      <UniqueIdentifier>{8F779918-78E9-1F48-88BA-0DF043C27414}</UniqueIdentifier>
    </Filter>
  </ItemGroup>
  <ItemGroup>
    <ClInclude Include="..\..\Demos\FeatherstoneMultiBodyDemo\FeatherstoneMultiBodyDemo.h">
      <Filter>Demos\FeatherstoneMultiBodyDemo</Filter>
    </ClInclude>
  </ItemGroup>
  <ItemGroup>
    <ClCompile Include="..\..\Demos\FeatherstoneMultiBodyDemo\FeatherstoneMultiBodyDemo.cpp">
      <Filter>Demos\FeatherstoneMultiBodyDemo</Filter>
    </ClCompile>
    <ClCompile Include="..\..\Demos\FeatherstoneMultiBodyDemo\main.cpp">
      <Filter>Demos\FeatherstoneMultiBodyDemo</Filter>
    </ClCompile>
    <ClCompile Include="..\..\Demos\FeatherstoneMultiBodyDemo\Win32FeatherstoneMultiBodyDemo.cpp">
      <Filter>Demos\FeatherstoneMultiBodyDemo</Filter>
    </ClCompile>
  </ItemGroup>
  <ItemGroup>
    <ResourceCompile Include="..\bullet.rc" />
  </ItemGroup>
</Project>
