<?xml version="1.0" encoding="utf-8"?>
<Project ToolsVersion="4.0" xmlns="http://schemas.microsoft.com/developer/msbuild/2003">
  <ItemGroup>
    <Filter Include="Demos">
      <UniqueIdentifier>{3B01B049-C155-0243-8F8C-C285DBD49FFE}</UniqueIdentifier>
    </Filter>
    <Filter Include="Demos\DynamicControlDemo">
      <UniqueIdentifier>{F0556A01-3A43-064C-BE94-D5DB623C989F}</UniqueIdentifier>
    </Filter>
  </ItemGroup>
  <ItemGroup>
    <ClInclude Include="..\..\Demos\DynamicControlDemo\MotorDemo.h">
      <Filter>Demos\DynamicControlDemo</Filter>
    </ClInclude>
  </ItemGroup>
  <ItemGroup>
    <ClCompile Include="..\..\Demos\DynamicControlDemo\main.cpp">
      <Filter>Demos\DynamicControlDemo</Filter>
    </ClCompile>
    <ClCompile Include="..\..\Demos\DynamicControlDemo\MotorDemo.cpp">
      <Filter>Demos\DynamicControlDemo</Filter>
    </ClCompile>
  </ItemGroup>
  <ItemGroup>
    <ResourceCompile Include="..\bullet.rc" />
  </ItemGroup>
</Project>
