<?xml version="1.0" encoding="utf-8"?>
<Project ToolsVersion="4.0" xmlns="http://schemas.microsoft.com/developer/msbuild/2003">
  <ItemGroup>
    <Filter Include="Demos">
      <UniqueIdentifier>{40AEABB6-38AA-E442-8809-4997919D8C2D}</UniqueIdentifier>
    </Filter>
    <Filter Include="Demos\BasicDemo">
      <UniqueIdentifier>{CC3E353B-A8C6-E24B-8F5B-BC88CA9D7CA4}</UniqueIdentifier>
    </Filter>
  </ItemGroup>
  <ItemGroup>
    <ClInclude Include="..\..\Demos\BasicDemo\BasicDemo.h">
      <Filter>Demos\BasicDemo</Filter>
    </ClInclude>
  </ItemGroup>
  <ItemGroup>
    <ClCompile Include="..\..\Demos\BasicDemo\BasicDemo.cpp">
      <Filter>Demos\BasicDemo</Filter>
    </ClCompile>
    <ClCompile Include="..\..\Demos\BasicDemo\main.cpp">
      <Filter>Demos\BasicDemo</Filter>
    </ClCompile>
    <ClCompile Include="..\..\Demos\BasicDemo\Win32BasicDemo.cpp">
      <Filter>Demos\BasicDemo</Filter>
    </ClCompile>
  </ItemGroup>
  <ItemGroup>
    <ResourceCompile Include="..\bullet.rc" />
  </ItemGroup>
</Project>
