<?xml version="1.0" encoding="utf-8"?>
<Project ToolsVersion="4.0" xmlns="http://schemas.microsoft.com/developer/msbuild/2003">
  <ItemGroup>
    <Filter Include="Demos">
      <UniqueIdentifier>{C5A696C6-2E35-1449-8B74-D5E3A7D574EB}</UniqueIdentifier>
    </Filter>
    <Filter Include="Demos\GimpactTestDemo">
      <UniqueIdentifier>{1EC87A44-D8F4-E140-9BF2-E6A53E7B30DC}</UniqueIdentifier>
    </Filter>
  </ItemGroup>
  <ItemGroup>
    <ClInclude Include="..\..\Demos\GimpactTestDemo\BunnyMesh.h">
      <Filter>Demos\GimpactTestDemo</Filter>
    </ClInclude>
    <ClInclude Include="..\..\Demos\GimpactTestDemo\GimpactTestDemo.h">
      <Filter>Demos\GimpactTestDemo</Filter>
    </ClInclude>
    <ClInclude Include="..\..\Demos\GimpactTestDemo\TorusMesh.h">
      <Filter>Demos\GimpactTestDemo</Filter>
    </ClInclude>
  </ItemGroup>
  <ItemGroup>
    <ClCompile Include="..\..\Demos\GimpactTestDemo\GimpactTestDemo.cpp">
      <Filter>Demos\GimpactTestDemo</Filter>
    </ClCompile>
    <ClCompile Include="..\..\Demos\GimpactTestDemo\main.cpp">
      <Filter>Demos\GimpactTestDemo</Filter>
    </ClCompile>
    <ClCompile Include="..\..\Demos\GimpactTestDemo\Win32GimpactDemo.cpp">
      <Filter>Demos\GimpactTestDemo</Filter>
    </ClCompile>
  </ItemGroup>
  <ItemGroup>
    <ResourceCompile Include="..\bullet.rc" />
  </ItemGroup>
</Project>
