<?xml version="1.0" encoding="utf-8"?>
<Project ToolsVersion="4.0" xmlns="http://schemas.microsoft.com/developer/msbuild/2003">
  <ItemGroup>
    <Filter Include="Demos">
      <UniqueIdentifier>{CB62B40B-3923-944C-8226-3226A22E5DAB}</UniqueIdentifier>
    </Filter>
    <Filter Include="Demos\ContinuousConvexCollision">
      <UniqueIdentifier>{2E82BB11-C0E4-F74D-BC6D-BF56D4471D26}</UniqueIdentifier>
    </Filter>
  </ItemGroup>
  <ItemGroup>
    <ClInclude Include="..\..\Demos\ContinuousConvexCollision\ContinuousConvexCollision.h">
      <Filter>Demos\ContinuousConvexCollision</Filter>
    </ClInclude>
  </ItemGroup>
  <ItemGroup>
    <ClCompile Include="..\..\Demos\ContinuousConvexCollision\ContinuousConvexCollisionDemo.cpp">
      <Filter>Demos\ContinuousConvexCollision</Filter>
    </ClCompile>
  </ItemGroup>
  <ItemGroup>
    <ResourceCompile Include="..\bullet.rc" />
  </ItemGroup>
</Project>
