<?xml version="1.0" encoding="utf-8"?>
<Project ToolsVersion="4.0" xmlns="http://schemas.microsoft.com/developer/msbuild/2003">
  <ItemGroup>
    <Filter Include="Demos">
      <UniqueIdentifier>{262256B5-74E6-154F-A2CB-C16EE7435C5A}</UniqueIdentifier>
    </Filter>
    <Filter Include="Demos\ConvexHullDistance">
      <UniqueIdentifier>{6C667A57-09CA-F649-9F12-A9A97C0944F2}</UniqueIdentifier>
    </Filter>
  </ItemGroup>
  <ItemGroup>
    <ClCompile Include="..\..\Demos\ConvexHullDistance\ConvexHullDistanceDemo.cpp">
      <Filter>Demos\ConvexHullDistance</Filter>
    </ClCompile>
  </ItemGroup>
  <ItemGroup>
    <ResourceCompile Include="..\bullet.rc" />
  </ItemGroup>
</Project>
