<?xml version="1.0" encoding="utf-8"?>
<Project ToolsVersion="4.0" xmlns="http://schemas.microsoft.com/developer/msbuild/2003">
  <ItemGroup>
    <Filter Include="Demos">
      <UniqueIdentifier>{10A54E09-700F-FA47-99F7-9CAEF720BEA7}</UniqueIdentifier>
    </Filter>
    <Filter Include="Demos\Raytracer">
      <UniqueIdentifier>{E410F5AC-6BC8-5643-B2C3-87FEF4BBE3E3}</UniqueIdentifier>
    </Filter>
  </ItemGroup>
  <ItemGroup>
    <ClInclude Include="..\..\Demos\Raytracer\Raytracer.h">
      <Filter>Demos\Raytracer</Filter>
    </ClInclude>
  </ItemGroup>
  <ItemGroup>
    <ClCompile Include="..\..\Demos\Raytracer\main.cpp">
      <Filter>Demos\Raytracer</Filter>
    </ClCompile>
    <ClCompile Include="..\..\Demos\Raytracer\Raytracer.cpp">
      <Filter>Demos\Raytracer</Filter>
    </ClCompile>
  </ItemGroup>
  <ItemGroup>
    <ResourceCompile Include="..\bullet.rc" />
  </ItemGroup>
</Project>
