<?xml version="1.0" encoding="utf-8"?>
<Project ToolsVersion="4.0" xmlns="http://schemas.microsoft.com/developer/msbuild/2003">
  <ItemGroup>
    <Filter Include="Demos">
      <UniqueIdentifier>{0152ABBD-31B4-974C-A3B7-A9213790A28A}</UniqueIdentifier>
    </Filter>
    <Filter Include="Demos\ConstraintDemo">
      <UniqueIdentifier>{94ACD1B8-279A-CB42-A38F-E1A0683B1EAC}</UniqueIdentifier>
    </Filter>
  </ItemGroup>
  <ItemGroup>
    <ClInclude Include="..\..\Demos\ConstraintDemo\ConstraintDemo.h">
      <Filter>Demos\ConstraintDemo</Filter>
    </ClInclude>
  </ItemGroup>
  <ItemGroup>
    <ClCompile Include="..\..\Demos\ConstraintDemo\ConstraintDemo.cpp">
      <Filter>Demos\ConstraintDemo</Filter>
    </ClCompile>
    <ClCompile Include="..\..\Demos\ConstraintDemo\main.cpp">
      <Filter>Demos\ConstraintDemo</Filter>
    </ClCompile>
    <ClCompile Include="..\..\Demos\ConstraintDemo\Win32ConstraintDemo.cpp">
      <Filter>Demos\ConstraintDemo</Filter>
    </ClCompile>
  </ItemGroup>
  <ItemGroup>
    <ResourceCompile Include="..\bullet.rc" />
  </ItemGroup>
</Project>
