<?xml version="1.0" encoding="utf-8"?>
<Project ToolsVersion="4.0" xmlns="http://schemas.microsoft.com/developer/msbuild/2003">
  <ItemGroup>
    <Filter Include="Demos">
      <UniqueIdentifier>{BEA9E626-C5B9-E447-9DFA-988EC8EC9EDE}</UniqueIdentifier>
    </Filter>
    <Filter Include="Demos\EPAPenDepthDemo">
      <UniqueIdentifier>{91180643-DAA8-D841-BE46-1BEE9EED02D6}</UniqueIdentifier>
    </Filter>
  </ItemGroup>
  <ItemGroup>
    <ClCompile Include="..\..\Demos\EPAPenDepthDemo\PenetrationTestBullet.cpp">
      <Filter>Demos\EPAPenDepthDemo</Filter>
    </ClCompile>
  </ItemGroup>
  <ItemGroup>
    <ResourceCompile Include="..\bullet.rc" />
  </ItemGroup>
</Project>
